
Microsoft Visual Studio Solution File, Format Version 11.00
# Visual Studio 2010
Project("{2150E333-8FDC-42A3-9474-1A3956D46DE8}") = "Abstractions", "Abstractions", "{D0EF7B40-E356-470F-886A-5AB58C98950A}"
EndProject
Project("{2150E333-8FDC-42A3-9474-1A3956D46DE8}") = "Apps", "Apps", "{C4897F31-5833-49AA-B9DC-703FC5D8C0E1}"
EndProject
Project("{FAE04EC0-301F-11D3-BF4B-00C04F79EFBC}") = "CaloomMVC", "Apps\CaloomMVC\CaloomMVC.csproj", "{8F7E76FB-108D-4C4B-AFD7-4F51601B86DB}"
EndProject
Project("{2150E333-8FDC-42A3-9474-1A3956D46DE8}") = ".nuget", ".nuget", "{3DE89F95-CE95-4F5C-8796-09762C68106B}"
EndProject
Project("{CC5FD16D-436D-48AD-A40C-5A424C6E3E79}") = "CaloomAzure", "Apps\CaloomAzure\CaloomAzure.ccproj", "{E0D56794-EB9C-4685-82F3-50CB5CB2E379}"
EndProject
Project("{FAE04EC0-301F-11D3-BF4B-00C04F79EFBC}") = "CaloomWorkerRole", "Apps\CaloomWorkerRole\CaloomWorkerRole.csproj", "{27C6E2F3-6016-4E1D-81A0-01171A14870C}"
EndProject
Project("{FAE04EC0-301F-11D3-BF4B-00C04F79EFBC}") = "CaloomMvcWebRole", "Apps\CaloomMvcWebRole\CaloomMvcWebRole.csproj", "{80E53045-B0C9-4D46-B600-1894588CF63D}"
EndProject
Project("{FAE04EC0-301F-11D3-BF4B-00C04F79EFBC}") = "TestAspNetWebRole1", "TestAspNetWebRole1\TestAspNetWebRole1.csproj", "{278087A3-F89A-424E-9970-0A4A5475CF8A}"
EndProject
Project("{2150E333-8FDC-42A3-9474-1A3956D46DE8}") = "Tools", "Tools", "{630770E5-AA61-41E2-A923-153936CFA06C}"
EndProject
Project("{FAE04EC0-301F-11D3-BF4B-00C04F79EFBC}") = "TheBallTool", "Tools\TheBallTool\TheBallTool.csproj", "{5377CB63-1979-4596-A1F4-DF9417C9B037}"
EndProject
Project("{FAE04EC0-301F-11D3-BF4B-00C04F79EFBC}") = "AzureSupport", "Apps\AzureSupport\AzureSupport.csproj", "{33F04EB2-55DE-4539-8E67-152A6057F100}"
EndProject
Global
	GlobalSection(SolutionConfigurationPlatforms) = preSolution
		Debug|Any CPU = Debug|Any CPU
		Debug|Mixed Platforms = Debug|Mixed Platforms
		Debug|x86 = Debug|x86
		Local|Any CPU = Local|Any CPU
		Local|Mixed Platforms = Local|Mixed Platforms
		Local|x86 = Local|x86
		Production|Any CPU = Production|Any CPU
		Production|Mixed Platforms = Production|Mixed Platforms
		Production|x86 = Production|x86
		Release|Any CPU = Release|Any CPU
		Release|Mixed Platforms = Release|Mixed Platforms
		Release|x86 = Release|x86
		Staging|Any CPU = Staging|Any CPU
		Staging|Mixed Platforms = Staging|Mixed Platforms
		Staging|x86 = Staging|x86
	EndGlobalSection
	GlobalSection(ProjectConfigurationPlatforms) = postSolution
		{8F7E76FB-108D-4C4B-AFD7-4F51601B86DB}.Debug|Any CPU.ActiveCfg = Debug|Any CPU
		{8F7E76FB-108D-4C4B-AFD7-4F51601B86DB}.Debug|Any CPU.Build.0 = Debug|Any CPU
		{8F7E76FB-108D-4C4B-AFD7-4F51601B86DB}.Debug|Mixed Platforms.ActiveCfg = Debug|Any CPU
		{8F7E76FB-108D-4C4B-AFD7-4F51601B86DB}.Debug|Mixed Platforms.Build.0 = Debug|Any CPU
		{8F7E76FB-108D-4C4B-AFD7-4F51601B86DB}.Debug|x86.ActiveCfg = Debug|Any CPU
		{8F7E76FB-108D-4C4B-AFD7-4F51601B86DB}.Debug|x86.Build.0 = Debug|Any CPU
		{8F7E76FB-108D-4C4B-AFD7-4F51601B86DB}.Local|Any CPU.ActiveCfg = Release|Any CPU
		{8F7E76FB-108D-4C4B-AFD7-4F51601B86DB}.Local|Any CPU.Build.0 = Release|Any CPU
		{8F7E76FB-108D-4C4B-AFD7-4F51601B86DB}.Local|Mixed Platforms.ActiveCfg = Release|Any CPU
		{8F7E76FB-108D-4C4B-AFD7-4F51601B86DB}.Local|Mixed Platforms.Build.0 = Release|Any CPU
		{8F7E76FB-108D-4C4B-AFD7-4F51601B86DB}.Local|x86.ActiveCfg = Release|Any CPU
		{8F7E76FB-108D-4C4B-AFD7-4F51601B86DB}.Production|Any CPU.ActiveCfg = Release|Any CPU
		{8F7E76FB-108D-4C4B-AFD7-4F51601B86DB}.Production|Any CPU.Build.0 = Release|Any CPU
		{8F7E76FB-108D-4C4B-AFD7-4F51601B86DB}.Production|Mixed Platforms.ActiveCfg = Release|Any CPU
		{8F7E76FB-108D-4C4B-AFD7-4F51601B86DB}.Production|Mixed Platforms.Build.0 = Release|Any CPU
		{8F7E76FB-108D-4C4B-AFD7-4F51601B86DB}.Production|x86.ActiveCfg = Release|Any CPU
		{8F7E76FB-108D-4C4B-AFD7-4F51601B86DB}.Production|x86.Build.0 = Release|Any CPU
		{8F7E76FB-108D-4C4B-AFD7-4F51601B86DB}.Release|Any CPU.ActiveCfg = Release|Any CPU
		{8F7E76FB-108D-4C4B-AFD7-4F51601B86DB}.Release|Any CPU.Build.0 = Release|Any CPU
		{8F7E76FB-108D-4C4B-AFD7-4F51601B86DB}.Release|Mixed Platforms.ActiveCfg = Release|Any CPU
		{8F7E76FB-108D-4C4B-AFD7-4F51601B86DB}.Release|Mixed Platforms.Build.0 = Release|Any CPU
		{8F7E76FB-108D-4C4B-AFD7-4F51601B86DB}.Release|x86.ActiveCfg = Release|Any CPU
		{8F7E76FB-108D-4C4B-AFD7-4F51601B86DB}.Staging|Any CPU.ActiveCfg = Release|Any CPU
		{8F7E76FB-108D-4C4B-AFD7-4F51601B86DB}.Staging|Any CPU.Build.0 = Release|Any CPU
		{8F7E76FB-108D-4C4B-AFD7-4F51601B86DB}.Staging|Mixed Platforms.ActiveCfg = Release|Any CPU
		{8F7E76FB-108D-4C4B-AFD7-4F51601B86DB}.Staging|Mixed Platforms.Build.0 = Release|Any CPU
		{8F7E76FB-108D-4C4B-AFD7-4F51601B86DB}.Staging|x86.ActiveCfg = Release|Any CPU
		{E0D56794-EB9C-4685-82F3-50CB5CB2E379}.Debug|Any CPU.ActiveCfg = Debug|Any CPU
		{E0D56794-EB9C-4685-82F3-50CB5CB2E379}.Debug|Any CPU.Build.0 = Debug|Any CPU
		{E0D56794-EB9C-4685-82F3-50CB5CB2E379}.Debug|Mixed Platforms.ActiveCfg = Debug|Any CPU
		{E0D56794-EB9C-4685-82F3-50CB5CB2E379}.Debug|Mixed Platforms.Build.0 = Debug|Any CPU
		{E0D56794-EB9C-4685-82F3-50CB5CB2E379}.Debug|x86.ActiveCfg = Debug|Any CPU
		{E0D56794-EB9C-4685-82F3-50CB5CB2E379}.Debug|x86.Build.0 = Debug|Any CPU
		{E0D56794-EB9C-4685-82F3-50CB5CB2E379}.Local|Any CPU.ActiveCfg = Release|Any CPU
		{E0D56794-EB9C-4685-82F3-50CB5CB2E379}.Local|Any CPU.Build.0 = Release|Any CPU
		{E0D56794-EB9C-4685-82F3-50CB5CB2E379}.Local|Mixed Platforms.ActiveCfg = Release|Any CPU
		{E0D56794-EB9C-4685-82F3-50CB5CB2E379}.Local|Mixed Platforms.Build.0 = Release|Any CPU
		{E0D56794-EB9C-4685-82F3-50CB5CB2E379}.Local|x86.ActiveCfg = Release|Any CPU
		{E0D56794-EB9C-4685-82F3-50CB5CB2E379}.Production|Any CPU.ActiveCfg = Release|Any CPU
		{E0D56794-EB9C-4685-82F3-50CB5CB2E379}.Production|Any CPU.Build.0 = Release|Any CPU
		{E0D56794-EB9C-4685-82F3-50CB5CB2E379}.Production|Mixed Platforms.ActiveCfg = Release|Any CPU
		{E0D56794-EB9C-4685-82F3-50CB5CB2E379}.Production|Mixed Platforms.Build.0 = Release|Any CPU
		{E0D56794-EB9C-4685-82F3-50CB5CB2E379}.Production|x86.ActiveCfg = Release|Any CPU
		{E0D56794-EB9C-4685-82F3-50CB5CB2E379}.Production|x86.Build.0 = Release|Any CPU
		{E0D56794-EB9C-4685-82F3-50CB5CB2E379}.Release|Any CPU.ActiveCfg = Release|Any CPU
		{E0D56794-EB9C-4685-82F3-50CB5CB2E379}.Release|Any CPU.Build.0 = Release|Any CPU
		{E0D56794-EB9C-4685-82F3-50CB5CB2E379}.Release|Mixed Platforms.ActiveCfg = Release|Any CPU
		{E0D56794-EB9C-4685-82F3-50CB5CB2E379}.Release|Mixed Platforms.Build.0 = Release|Any CPU
		{E0D56794-EB9C-4685-82F3-50CB5CB2E379}.Release|x86.ActiveCfg = Release|Any CPU
		{E0D56794-EB9C-4685-82F3-50CB5CB2E379}.Staging|Any CPU.ActiveCfg = Release|Any CPU
		{E0D56794-EB9C-4685-82F3-50CB5CB2E379}.Staging|Any CPU.Build.0 = Release|Any CPU
		{E0D56794-EB9C-4685-82F3-50CB5CB2E379}.Staging|Mixed Platforms.ActiveCfg = Release|Any CPU
		{E0D56794-EB9C-4685-82F3-50CB5CB2E379}.Staging|Mixed Platforms.Build.0 = Release|Any CPU
		{E0D56794-EB9C-4685-82F3-50CB5CB2E379}.Staging|x86.ActiveCfg = Release|Any CPU
		{27C6E2F3-6016-4E1D-81A0-01171A14870C}.Debug|Any CPU.ActiveCfg = Debug|Any CPU
		{27C6E2F3-6016-4E1D-81A0-01171A14870C}.Debug|Any CPU.Build.0 = Debug|Any CPU
		{27C6E2F3-6016-4E1D-81A0-01171A14870C}.Debug|Mixed Platforms.ActiveCfg = Debug|Any CPU
		{27C6E2F3-6016-4E1D-81A0-01171A14870C}.Debug|Mixed Platforms.Build.0 = Debug|Any CPU
		{27C6E2F3-6016-4E1D-81A0-01171A14870C}.Debug|x86.ActiveCfg = Debug|Any CPU
		{27C6E2F3-6016-4E1D-81A0-01171A14870C}.Debug|x86.Build.0 = Debug|Any CPU
		{27C6E2F3-6016-4E1D-81A0-01171A14870C}.Local|Any CPU.ActiveCfg = Release|Any CPU
		{27C6E2F3-6016-4E1D-81A0-01171A14870C}.Local|Any CPU.Build.0 = Release|Any CPU
		{27C6E2F3-6016-4E1D-81A0-01171A14870C}.Local|Mixed Platforms.ActiveCfg = Release|Any CPU
		{27C6E2F3-6016-4E1D-81A0-01171A14870C}.Local|Mixed Platforms.Build.0 = Release|Any CPU
		{27C6E2F3-6016-4E1D-81A0-01171A14870C}.Local|x86.ActiveCfg = Release|Any CPU
		{27C6E2F3-6016-4E1D-81A0-01171A14870C}.Production|Any CPU.ActiveCfg = Release|Any CPU
		{27C6E2F3-6016-4E1D-81A0-01171A14870C}.Production|Any CPU.Build.0 = Release|Any CPU
		{27C6E2F3-6016-4E1D-81A0-01171A14870C}.Production|Mixed Platforms.ActiveCfg = Release|Any CPU
		{27C6E2F3-6016-4E1D-81A0-01171A14870C}.Production|Mixed Platforms.Build.0 = Release|Any CPU
		{27C6E2F3-6016-4E1D-81A0-01171A14870C}.Production|x86.ActiveCfg = Release|Any CPU
		{27C6E2F3-6016-4E1D-81A0-01171A14870C}.Production|x86.Build.0 = Release|Any CPU
		{27C6E2F3-6016-4E1D-81A0-01171A14870C}.Release|Any CPU.ActiveCfg = Release|Any CPU
		{27C6E2F3-6016-4E1D-81A0-01171A14870C}.Release|Any CPU.Build.0 = Release|Any CPU
		{27C6E2F3-6016-4E1D-81A0-01171A14870C}.Release|Mixed Platforms.ActiveCfg = Release|Any CPU
		{27C6E2F3-6016-4E1D-81A0-01171A14870C}.Release|Mixed Platforms.Build.0 = Release|Any CPU
		{27C6E2F3-6016-4E1D-81A0-01171A14870C}.Release|x86.ActiveCfg = Release|Any CPU
		{27C6E2F3-6016-4E1D-81A0-01171A14870C}.Staging|Any CPU.ActiveCfg = Release|Any CPU
		{27C6E2F3-6016-4E1D-81A0-01171A14870C}.Staging|Any CPU.Build.0 = Release|Any CPU
		{27C6E2F3-6016-4E1D-81A0-01171A14870C}.Staging|Mixed Platforms.ActiveCfg = Release|Any CPU
		{27C6E2F3-6016-4E1D-81A0-01171A14870C}.Staging|Mixed Platforms.Build.0 = Release|Any CPU
		{27C6E2F3-6016-4E1D-81A0-01171A14870C}.Staging|x86.ActiveCfg = Release|Any CPU
		{80E53045-B0C9-4D46-B600-1894588CF63D}.Debug|Any CPU.ActiveCfg = Debug|Any CPU
		{80E53045-B0C9-4D46-B600-1894588CF63D}.Debug|Any CPU.Build.0 = Debug|Any CPU
		{80E53045-B0C9-4D46-B600-1894588CF63D}.Debug|Mixed Platforms.ActiveCfg = Debug|Any CPU
		{80E53045-B0C9-4D46-B600-1894588CF63D}.Debug|Mixed Platforms.Build.0 = Debug|Any CPU
		{80E53045-B0C9-4D46-B600-1894588CF63D}.Debug|x86.ActiveCfg = Debug|Any CPU
		{80E53045-B0C9-4D46-B600-1894588CF63D}.Debug|x86.Build.0 = Debug|Any CPU
		{80E53045-B0C9-4D46-B600-1894588CF63D}.Local|Any CPU.ActiveCfg = Release|Any CPU
		{80E53045-B0C9-4D46-B600-1894588CF63D}.Local|Any CPU.Build.0 = Release|Any CPU
		{80E53045-B0C9-4D46-B600-1894588CF63D}.Local|Mixed Platforms.ActiveCfg = Release|Any CPU
		{80E53045-B0C9-4D46-B600-1894588CF63D}.Local|Mixed Platforms.Build.0 = Release|Any CPU
		{80E53045-B0C9-4D46-B600-1894588CF63D}.Local|x86.ActiveCfg = Release|Any CPU
		{80E53045-B0C9-4D46-B600-1894588CF63D}.Production|Any CPU.ActiveCfg = Release|Any CPU
		{80E53045-B0C9-4D46-B600-1894588CF63D}.Production|Any CPU.Build.0 = Release|Any CPU
		{80E53045-B0C9-4D46-B600-1894588CF63D}.Production|Mixed Platforms.ActiveCfg = Release|Any CPU
		{80E53045-B0C9-4D46-B600-1894588CF63D}.Production|Mixed Platforms.Build.0 = Release|Any CPU
		{80E53045-B0C9-4D46-B600-1894588CF63D}.Production|x86.ActiveCfg = Release|Any CPU
		{80E53045-B0C9-4D46-B600-1894588CF63D}.Production|x86.Build.0 = Release|Any CPU
		{80E53045-B0C9-4D46-B600-1894588CF63D}.Release|Any CPU.ActiveCfg = Release|Any CPU
		{80E53045-B0C9-4D46-B600-1894588CF63D}.Release|Any CPU.Build.0 = Release|Any CPU
		{80E53045-B0C9-4D46-B600-1894588CF63D}.Release|Mixed Platforms.ActiveCfg = Release|Any CPU
		{80E53045-B0C9-4D46-B600-1894588CF63D}.Release|Mixed Platforms.Build.0 = Release|Any CPU
		{80E53045-B0C9-4D46-B600-1894588CF63D}.Release|x86.ActiveCfg = Release|Any CPU
		{80E53045-B0C9-4D46-B600-1894588CF63D}.Staging|Any CPU.ActiveCfg = Release|Any CPU
		{80E53045-B0C9-4D46-B600-1894588CF63D}.Staging|Any CPU.Build.0 = Release|Any CPU
		{80E53045-B0C9-4D46-B600-1894588CF63D}.Staging|Mixed Platforms.ActiveCfg = Release|Any CPU
		{80E53045-B0C9-4D46-B600-1894588CF63D}.Staging|Mixed Platforms.Build.0 = Release|Any CPU
		{80E53045-B0C9-4D46-B600-1894588CF63D}.Staging|x86.ActiveCfg = Release|Any CPU
		{278087A3-F89A-424E-9970-0A4A5475CF8A}.Debug|Any CPU.ActiveCfg = Debug|Any CPU
		{278087A3-F89A-424E-9970-0A4A5475CF8A}.Debug|Any CPU.Build.0 = Debug|Any CPU
		{278087A3-F89A-424E-9970-0A4A5475CF8A}.Debug|Mixed Platforms.ActiveCfg = Debug|Any CPU
		{278087A3-F89A-424E-9970-0A4A5475CF8A}.Debug|Mixed Platforms.Build.0 = Debug|Any CPU
		{278087A3-F89A-424E-9970-0A4A5475CF8A}.Debug|x86.ActiveCfg = Debug|Any CPU
		{278087A3-F89A-424E-9970-0A4A5475CF8A}.Debug|x86.Build.0 = Debug|Any CPU
		{278087A3-F89A-424E-9970-0A4A5475CF8A}.Local|Any CPU.ActiveCfg = Release|Any CPU
		{278087A3-F89A-424E-9970-0A4A5475CF8A}.Local|Any CPU.Build.0 = Release|Any CPU
		{278087A3-F89A-424E-9970-0A4A5475CF8A}.Local|Mixed Platforms.ActiveCfg = Release|Any CPU
		{278087A3-F89A-424E-9970-0A4A5475CF8A}.Local|Mixed Platforms.Build.0 = Release|Any CPU
		{278087A3-F89A-424E-9970-0A4A5475CF8A}.Local|x86.ActiveCfg = Release|Any CPU
		{278087A3-F89A-424E-9970-0A4A5475CF8A}.Production|Any CPU.ActiveCfg = Release|Any CPU
		{278087A3-F89A-424E-9970-0A4A5475CF8A}.Production|Any CPU.Build.0 = Release|Any CPU
		{278087A3-F89A-424E-9970-0A4A5475CF8A}.Production|Mixed Platforms.ActiveCfg = Release|Any CPU
		{278087A3-F89A-424E-9970-0A4A5475CF8A}.Production|Mixed Platforms.Build.0 = Release|Any CPU
		{278087A3-F89A-424E-9970-0A4A5475CF8A}.Production|x86.ActiveCfg = Release|Any CPU
		{278087A3-F89A-424E-9970-0A4A5475CF8A}.Release|Any CPU.ActiveCfg = Release|Any CPU
		{278087A3-F89A-424E-9970-0A4A5475CF8A}.Release|Any CPU.Build.0 = Release|Any CPU
		{278087A3-F89A-424E-9970-0A4A5475CF8A}.Release|Mixed Platforms.ActiveCfg = Release|Any CPU
		{278087A3-F89A-424E-9970-0A4A5475CF8A}.Release|Mixed Platforms.Build.0 = Release|Any CPU
		{278087A3-F89A-424E-9970-0A4A5475CF8A}.Release|x86.ActiveCfg = Release|Any CPU
		{278087A3-F89A-424E-9970-0A4A5475CF8A}.Staging|Any CPU.ActiveCfg = Release|Any CPU
		{278087A3-F89A-424E-9970-0A4A5475CF8A}.Staging|Any CPU.Build.0 = Release|Any CPU
		{278087A3-F89A-424E-9970-0A4A5475CF8A}.Staging|Mixed Platforms.ActiveCfg = Release|Any CPU
		{278087A3-F89A-424E-9970-0A4A5475CF8A}.Staging|Mixed Platforms.Build.0 = Release|Any CPU
		{278087A3-F89A-424E-9970-0A4A5475CF8A}.Staging|x86.ActiveCfg = Release|Any CPU
		{5377CB63-1979-4596-A1F4-DF9417C9B037}.Debug|Any CPU.ActiveCfg = Debug|x86
		{5377CB63-1979-4596-A1F4-DF9417C9B037}.Debug|Mixed Platforms.ActiveCfg = Debug|x86
		{5377CB63-1979-4596-A1F4-DF9417C9B037}.Debug|Mixed Platforms.Build.0 = Debug|x86
		{5377CB63-1979-4596-A1F4-DF9417C9B037}.Debug|x86.ActiveCfg = Debug|x86
		{5377CB63-1979-4596-A1F4-DF9417C9B037}.Debug|x86.Build.0 = Debug|x86
		{5377CB63-1979-4596-A1F4-DF9417C9B037}.Local|Any CPU.ActiveCfg = Release|x86
		{5377CB63-1979-4596-A1F4-DF9417C9B037}.Local|Mixed Platforms.ActiveCfg = Release|x86
		{5377CB63-1979-4596-A1F4-DF9417C9B037}.Local|Mixed Platforms.Build.0 = Release|x86
		{5377CB63-1979-4596-A1F4-DF9417C9B037}.Local|x86.ActiveCfg = Release|x86
		{5377CB63-1979-4596-A1F4-DF9417C9B037}.Local|x86.Build.0 = Release|x86
		{5377CB63-1979-4596-A1F4-DF9417C9B037}.Production|Any CPU.ActiveCfg = Release|x86
		{5377CB63-1979-4596-A1F4-DF9417C9B037}.Production|Mixed Platforms.ActiveCfg = Release|x86
		{5377CB63-1979-4596-A1F4-DF9417C9B037}.Production|Mixed Platforms.Build.0 = Release|x86
		{5377CB63-1979-4596-A1F4-DF9417C9B037}.Production|x86.ActiveCfg = Release|x86
		{5377CB63-1979-4596-A1F4-DF9417C9B037}.Production|x86.Build.0 = Release|x86
		{5377CB63-1979-4596-A1F4-DF9417C9B037}.Release|Any CPU.ActiveCfg = Release|x86
		{5377CB63-1979-4596-A1F4-DF9417C9B037}.Release|Mixed Platforms.ActiveCfg = Release|x86
		{5377CB63-1979-4596-A1F4-DF9417C9B037}.Release|Mixed Platforms.Build.0 = Release|x86
		{5377CB63-1979-4596-A1F4-DF9417C9B037}.Release|x86.ActiveCfg = Release|x86
		{5377CB63-1979-4596-A1F4-DF9417C9B037}.Release|x86.Build.0 = Release|x86
		{5377CB63-1979-4596-A1F4-DF9417C9B037}.Staging|Any CPU.ActiveCfg = Release|x86
		{5377CB63-1979-4596-A1F4-DF9417C9B037}.Staging|Mixed Platforms.ActiveCfg = Release|x86
		{5377CB63-1979-4596-A1F4-DF9417C9B037}.Staging|Mixed Platforms.Build.0 = Release|x86
		{5377CB63-1979-4596-A1F4-DF9417C9B037}.Staging|x86.ActiveCfg = Release|x86
		{5377CB63-1979-4596-A1F4-DF9417C9B037}.Staging|x86.Build.0 = Release|x86
		{33F04EB2-55DE-4539-8E67-152A6057F100}.Debug|Any CPU.ActiveCfg = Debug|Any CPU
		{33F04EB2-55DE-4539-8E67-152A6057F100}.Debug|Any CPU.Build.0 = Debug|Any CPU
		{33F04EB2-55DE-4539-8E67-152A6057F100}.Debug|Mixed Platforms.ActiveCfg = Debug|Any CPU
		{33F04EB2-55DE-4539-8E67-152A6057F100}.Debug|Mixed Platforms.Build.0 = Debug|Any CPU
		{33F04EB2-55DE-4539-8E67-152A6057F100}.Debug|x86.ActiveCfg = Debug|Any CPU
		{33F04EB2-55DE-4539-8E67-152A6057F100}.Debug|x86.Build.0 = Debug|Any CPU
		{33F04EB2-55DE-4539-8E67-152A6057F100}.Local|Any CPU.ActiveCfg = Release|Any CPU
		{33F04EB2-55DE-4539-8E67-152A6057F100}.Local|Any CPU.Build.0 = Release|Any CPU
		{33F04EB2-55DE-4539-8E67-152A6057F100}.Local|Mixed Platforms.ActiveCfg = Release|Any CPU
		{33F04EB2-55DE-4539-8E67-152A6057F100}.Local|Mixed Platforms.Build.0 = Release|Any CPU
		{33F04EB2-55DE-4539-8E67-152A6057F100}.Local|x86.ActiveCfg = Release|Any CPU
		{33F04EB2-55DE-4539-8E67-152A6057F100}.Production|Any CPU.ActiveCfg = Release|Any CPU
		{33F04EB2-55DE-4539-8E67-152A6057F100}.Production|Any CPU.Build.0 = Release|Any CPU
		{33F04EB2-55DE-4539-8E67-152A6057F100}.Production|Mixed Platforms.ActiveCfg = Release|Any CPU
		{33F04EB2-55DE-4539-8E67-152A6057F100}.Production|Mixed Platforms.Build.0 = Release|Any CPU
		{33F04EB2-55DE-4539-8E67-152A6057F100}.Production|x86.ActiveCfg = Release|Any CPU
		{33F04EB2-55DE-4539-8E67-152A6057F100}.Release|Any CPU.ActiveCfg = Release|Any CPU
		{33F04EB2-55DE-4539-8E67-152A6057F100}.Release|Any CPU.Build.0 = Release|Any CPU
		{33F04EB2-55DE-4539-8E67-152A6057F100}.Release|Mixed Platforms.ActiveCfg = Release|Any CPU
		{33F04EB2-55DE-4539-8E67-152A6057F100}.Release|Mixed Platforms.Build.0 = Release|Any CPU
		{33F04EB2-55DE-4539-8E67-152A6057F100}.Release|x86.ActiveCfg = Release|Any CPU
		{33F04EB2-55DE-4539-8E67-152A6057F100}.Staging|Any CPU.ActiveCfg = Release|Any CPU
		{33F04EB2-55DE-4539-8E67-152A6057F100}.Staging|Any CPU.Build.0 = Release|Any CPU
		{33F04EB2-55DE-4539-8E67-152A6057F100}.Staging|Mixed Platforms.ActiveCfg = Release|Any CPU
		{33F04EB2-55DE-4539-8E67-152A6057F100}.Staging|Mixed Platforms.Build.0 = Release|Any CPU
		{33F04EB2-55DE-4539-8E67-152A6057F100}.Staging|x86.ActiveCfg = Release|Any CPU
	EndGlobalSection
	GlobalSection(SolutionProperties) = preSolution
		HideSolutionNode = FALSE
	EndGlobalSection
	GlobalSection(NestedProjects) = preSolution
		{8F7E76FB-108D-4C4B-AFD7-4F51601B86DB} = {C4897F31-5833-49AA-B9DC-703FC5D8C0E1}
		{E0D56794-EB9C-4685-82F3-50CB5CB2E379} = {C4897F31-5833-49AA-B9DC-703FC5D8C0E1}
		{27C6E2F3-6016-4E1D-81A0-01171A14870C} = {C4897F31-5833-49AA-B9DC-703FC5D8C0E1}
		{80E53045-B0C9-4D46-B600-1894588CF63D} = {C4897F31-5833-49AA-B9DC-703FC5D8C0E1}
		{33F04EB2-55DE-4539-8E67-152A6057F100} = {C4897F31-5833-49AA-B9DC-703FC5D8C0E1}
		{5377CB63-1979-4596-A1F4-DF9417C9B037} = {630770E5-AA61-41E2-A923-153936CFA06C}
	EndGlobalSection
EndGlobal
