
Microsoft Visual Studio Solution File, Format Version 11.00
# Visual Studio 2010
Project("{2150E333-8FDC-42A3-9474-1A3956D46DE8}") = "Abstractions", "Abstractions", "{D0EF7B40-E356-470F-886A-5AB58C98950A}"
EndProject
Project("{FAE04EC0-301F-11D3-BF4B-00C04F79EFBC}") = "AbstractionBuilder", "Abstractions\absbuilder\AbstractionBuilder\AbstractionBuilder.csproj", "{CBB998CB-27A4-4478-83C0-1DF8D5270529}"
EndProject
Project("{FAE04EC0-301F-11D3-BF4B-00C04F79EFBC}") = "AbstractionConfig", "Abstractions\absconfig\AbstractionConfig\AbstractionConfig.csproj", "{B217A0DA-332A-4394-BB83-06A995DBD1AC}"
EndProject
Project("{FAE04EC0-301F-11D3-BF4B-00C04F79EFBC}") = "CommonInclude", "Abstractions\abscommon\CommonInclude\CommonInclude.csproj", "{B898C2F7-F3ED-4D25-934C-04131CA15808}"
EndProject
Project("{FAE04EC0-301F-11D3-BF4B-00C04F79EFBC}") = "AbstractionContent", "Abstractions\AbstractionContent\AbstractionContent.csproj", "{3A9EEC93-0E0B-4740-853F-ACD9397E3E46}"
EndProject
Project("{2150E333-8FDC-42A3-9474-1A3956D46DE8}") = "Apps", "Apps", "{C4897F31-5833-49AA-B9DC-703FC5D8C0E1}"
EndProject
Project("{2150E333-8FDC-42A3-9474-1A3956D46DE8}") = ".nuget", ".nuget", "{3DE89F95-CE95-4F5C-8796-09762C68106B}"
	ProjectSection(SolutionItems) = preProject
		.nuget\packages.config = .nuget\packages.config
	EndProjectSection
EndProject
Project("{FAE04EC0-301F-11D3-BF4B-00C04F79EFBC}") = "ServiceLayerABS", "Abstractions\ServiceLayerABS\ServiceLayerABS.csproj", "{92451B64-CB7D-4240-9982-3D7AD9823872}"
EndProject
Project("{FAE04EC0-301F-11D3-BF4B-00C04F79EFBC}") = "ClassModelABS", "Abstractions\ClassModelABS\ClassModelABS.csproj", "{6F0F7203-A12B-4526-8123-B7F3050BDE40}"
EndProject
Project("{FAE04EC0-301F-11D3-BF4B-00C04F79EFBC}") = "OperationABS", "Abstractions\OperationABS\OperationABS.csproj", "{C7A918BA-41E4-43A2-94F1-AECF9F9334DB}"
EndProject
Project("{FAE04EC0-301F-11D3-BF4B-00C04F79EFBC}") = "ObjectRelationalABS", "Abstractions\ObjectRelationalABS\ObjectRelationalABS.csproj", "{8A6394CA-84ED-42E8-B8D2-479638B0CF99}"
EndProject
Project("{CC5FD16D-436D-48AD-A40C-5A424C6E3E79}") = "CaloomAzure", "Apps\CaloomAzure\CaloomAzure.ccproj", "{E0D56794-EB9C-4685-82F3-50CB5CB2E379}"
EndProject
Project("{FAE04EC0-301F-11D3-BF4B-00C04F79EFBC}") = "CaloomWorkerRole", "Apps\CaloomWorkerRole\CaloomWorkerRole.csproj", "{27C6E2F3-6016-4E1D-81A0-01171A14870C}"
EndProject
Project("{FAE04EC0-301F-11D3-BF4B-00C04F79EFBC}") = "TheBallTool", "Tools\TheBallTool\TheBallTool.csproj", "{5377CB63-1979-4596-A1F4-DF9417C9B037}"
EndProject
Project("{FAE04EC0-301F-11D3-BF4B-00C04F79EFBC}") = "AzureSupport", "Apps\AzureSupport\AzureSupport.csproj", "{33F04EB2-55DE-4539-8E67-152A6057F100}"
EndProject
Project("{FAE04EC0-301F-11D3-BF4B-00C04F79EFBC}") = "TheBallCoreABS", "Abstractions\TheBallCoreABS\TheBallCoreABS.csproj", "{ADFE0244-B352-4B21-AB0F-040805535C71}"
EndProject
Project("{FAE04EC0-301F-11D3-BF4B-00C04F79EFBC}") = "TheBallCoreToOperationTRANS", "Abstractions\TheBallCoreToOperationTRANS\TheBallCoreToOperationTRANS.csproj", "{F356172A-77A6-4BB7-9EF7-0EFBEA011759}"
EndProject
Project("{FAE04EC0-301F-11D3-BF4B-00C04F79EFBC}") = "WebInterface", "Apps\WebInterface\WebInterface.csproj", "{639EF079-5944-480A-BF5B-691B3F133507}"
EndProject
Project("{E24C65DC-7377-472B-9ABA-BC803B73C61A}") = "UI", "Apps\WorkerTemplate\CaloomUI\caloomhtml\UI\", "{44F66C2E-D452-4D91-80E2-43474B757EFC}"
	ProjectSection(WebsiteProperties) = preProject
		TargetFrameworkMoniker = ".NETFramework,Version%3Dv4.0"
		Debug.AspNetCompiler.VirtualPath = "/UI"
		Debug.AspNetCompiler.PhysicalPath = "Apps\WorkerTemplate\CaloomUI\caloomhtml\UI\"
		Debug.AspNetCompiler.TargetPath = "PrecompiledWeb\UI\"
		Debug.AspNetCompiler.Updateable = "true"
		Debug.AspNetCompiler.ForceOverwrite = "true"
		Debug.AspNetCompiler.FixedNames = "false"
		Debug.AspNetCompiler.Debug = "True"
		Release.AspNetCompiler.VirtualPath = "/UI"
		Release.AspNetCompiler.PhysicalPath = "Apps\WorkerTemplate\CaloomUI\caloomhtml\UI\"
		Release.AspNetCompiler.TargetPath = "PrecompiledWeb\UI\"
		Release.AspNetCompiler.Updateable = "true"
		Release.AspNetCompiler.ForceOverwrite = "true"
		Release.AspNetCompiler.FixedNames = "false"
		Release.AspNetCompiler.Debug = "False"
		VWDPort = "60212"
	EndProjectSection
EndProject
Global
	GlobalSection(SolutionConfigurationPlatforms) = preSolution
		Debug|Any CPU = Debug|Any CPU
		Debug|Mixed Platforms = Debug|Mixed Platforms
		Debug|PHP 5.2 = Debug|PHP 5.2
		Debug|x86 = Debug|x86
		Local|Any CPU = Local|Any CPU
		Local|Mixed Platforms = Local|Mixed Platforms
		Local|PHP 5.2 = Local|PHP 5.2
		Local|x86 = Local|x86
		Production|Any CPU = Production|Any CPU
		Production|Mixed Platforms = Production|Mixed Platforms
		Production|PHP 5.2 = Production|PHP 5.2
		Production|x86 = Production|x86
		Release|Any CPU = Release|Any CPU
		Release|Mixed Platforms = Release|Mixed Platforms
		Release|PHP 5.2 = Release|PHP 5.2
		Release|x86 = Release|x86
		Staging|Any CPU = Staging|Any CPU
		Staging|Mixed Platforms = Staging|Mixed Platforms
		Staging|PHP 5.2 = Staging|PHP 5.2
		Staging|x86 = Staging|x86
	EndGlobalSection
	GlobalSection(ProjectConfigurationPlatforms) = postSolution
		{CBB998CB-27A4-4478-83C0-1DF8D5270529}.Debug|Any CPU.ActiveCfg = Debug|x86
		{CBB998CB-27A4-4478-83C0-1DF8D5270529}.Debug|Mixed Platforms.ActiveCfg = Debug|x86
		{CBB998CB-27A4-4478-83C0-1DF8D5270529}.Debug|Mixed Platforms.Build.0 = Debug|x86
		{CBB998CB-27A4-4478-83C0-1DF8D5270529}.Debug|PHP 5.2.ActiveCfg = Debug|x86
		{CBB998CB-27A4-4478-83C0-1DF8D5270529}.Debug|x86.ActiveCfg = Debug|x86
		{CBB998CB-27A4-4478-83C0-1DF8D5270529}.Debug|x86.Build.0 = Debug|x86
		{CBB998CB-27A4-4478-83C0-1DF8D5270529}.Local|Any CPU.ActiveCfg = Release|x86
		{CBB998CB-27A4-4478-83C0-1DF8D5270529}.Local|Mixed Platforms.ActiveCfg = Release|x86
		{CBB998CB-27A4-4478-83C0-1DF8D5270529}.Local|Mixed Platforms.Build.0 = Release|x86
		{CBB998CB-27A4-4478-83C0-1DF8D5270529}.Local|PHP 5.2.ActiveCfg = Release|x86
		{CBB998CB-27A4-4478-83C0-1DF8D5270529}.Local|x86.ActiveCfg = Release|x86
		{CBB998CB-27A4-4478-83C0-1DF8D5270529}.Local|x86.Build.0 = Release|x86
		{CBB998CB-27A4-4478-83C0-1DF8D5270529}.Production|Any CPU.ActiveCfg = Release|x86
		{CBB998CB-27A4-4478-83C0-1DF8D5270529}.Production|Mixed Platforms.ActiveCfg = Release|x86
		{CBB998CB-27A4-4478-83C0-1DF8D5270529}.Production|Mixed Platforms.Build.0 = Release|x86
		{CBB998CB-27A4-4478-83C0-1DF8D5270529}.Production|PHP 5.2.ActiveCfg = Release|x86
		{CBB998CB-27A4-4478-83C0-1DF8D5270529}.Production|x86.ActiveCfg = Release|x86
		{CBB998CB-27A4-4478-83C0-1DF8D5270529}.Production|x86.Build.0 = Release|x86
		{CBB998CB-27A4-4478-83C0-1DF8D5270529}.Release|Any CPU.ActiveCfg = Release|x86
		{CBB998CB-27A4-4478-83C0-1DF8D5270529}.Release|Mixed Platforms.ActiveCfg = Release|x86
		{CBB998CB-27A4-4478-83C0-1DF8D5270529}.Release|Mixed Platforms.Build.0 = Release|x86
		{CBB998CB-27A4-4478-83C0-1DF8D5270529}.Release|PHP 5.2.ActiveCfg = Release|x86
		{CBB998CB-27A4-4478-83C0-1DF8D5270529}.Release|x86.ActiveCfg = Release|x86
		{CBB998CB-27A4-4478-83C0-1DF8D5270529}.Release|x86.Build.0 = Release|x86
		{CBB998CB-27A4-4478-83C0-1DF8D5270529}.Staging|Any CPU.ActiveCfg = Release|x86
		{CBB998CB-27A4-4478-83C0-1DF8D5270529}.Staging|Mixed Platforms.ActiveCfg = Release|x86
		{CBB998CB-27A4-4478-83C0-1DF8D5270529}.Staging|Mixed Platforms.Build.0 = Release|x86
		{CBB998CB-27A4-4478-83C0-1DF8D5270529}.Staging|PHP 5.2.ActiveCfg = Release|x86
		{CBB998CB-27A4-4478-83C0-1DF8D5270529}.Staging|x86.ActiveCfg = Release|x86
		{CBB998CB-27A4-4478-83C0-1DF8D5270529}.Staging|x86.Build.0 = Release|x86
		{B217A0DA-332A-4394-BB83-06A995DBD1AC}.Debug|Any CPU.ActiveCfg = Debug|Any CPU
		{B217A0DA-332A-4394-BB83-06A995DBD1AC}.Debug|Any CPU.Build.0 = Debug|Any CPU
		{B217A0DA-332A-4394-BB83-06A995DBD1AC}.Debug|Mixed Platforms.ActiveCfg = Debug|Any CPU
		{B217A0DA-332A-4394-BB83-06A995DBD1AC}.Debug|Mixed Platforms.Build.0 = Debug|Any CPU
		{B217A0DA-332A-4394-BB83-06A995DBD1AC}.Debug|PHP 5.2.ActiveCfg = Debug|Any CPU
		{B217A0DA-332A-4394-BB83-06A995DBD1AC}.Debug|x86.ActiveCfg = Debug|Any CPU
		{B217A0DA-332A-4394-BB83-06A995DBD1AC}.Debug|x86.Build.0 = Debug|Any CPU
		{B217A0DA-332A-4394-BB83-06A995DBD1AC}.Local|Any CPU.ActiveCfg = Release|Any CPU
		{B217A0DA-332A-4394-BB83-06A995DBD1AC}.Local|Any CPU.Build.0 = Release|Any CPU
		{B217A0DA-332A-4394-BB83-06A995DBD1AC}.Local|Mixed Platforms.ActiveCfg = Release|Any CPU
		{B217A0DA-332A-4394-BB83-06A995DBD1AC}.Local|Mixed Platforms.Build.0 = Release|Any CPU
		{B217A0DA-332A-4394-BB83-06A995DBD1AC}.Local|PHP 5.2.ActiveCfg = Release|Any CPU
		{B217A0DA-332A-4394-BB83-06A995DBD1AC}.Local|x86.ActiveCfg = Release|Any CPU
		{B217A0DA-332A-4394-BB83-06A995DBD1AC}.Production|Any CPU.ActiveCfg = Release|Any CPU
		{B217A0DA-332A-4394-BB83-06A995DBD1AC}.Production|Any CPU.Build.0 = Release|Any CPU
		{B217A0DA-332A-4394-BB83-06A995DBD1AC}.Production|Mixed Platforms.ActiveCfg = Release|Any CPU
		{B217A0DA-332A-4394-BB83-06A995DBD1AC}.Production|Mixed Platforms.Build.0 = Release|Any CPU
		{B217A0DA-332A-4394-BB83-06A995DBD1AC}.Production|PHP 5.2.ActiveCfg = Release|Any CPU
		{B217A0DA-332A-4394-BB83-06A995DBD1AC}.Production|x86.ActiveCfg = Release|Any CPU
		{B217A0DA-332A-4394-BB83-06A995DBD1AC}.Release|Any CPU.ActiveCfg = Release|Any CPU
		{B217A0DA-332A-4394-BB83-06A995DBD1AC}.Release|Any CPU.Build.0 = Release|Any CPU
		{B217A0DA-332A-4394-BB83-06A995DBD1AC}.Release|Mixed Platforms.ActiveCfg = Release|Any CPU
		{B217A0DA-332A-4394-BB83-06A995DBD1AC}.Release|Mixed Platforms.Build.0 = Release|Any CPU
		{B217A0DA-332A-4394-BB83-06A995DBD1AC}.Release|PHP 5.2.ActiveCfg = Release|Any CPU
		{B217A0DA-332A-4394-BB83-06A995DBD1AC}.Release|x86.ActiveCfg = Release|Any CPU
		{B217A0DA-332A-4394-BB83-06A995DBD1AC}.Staging|Any CPU.ActiveCfg = Release|Any CPU
		{B217A0DA-332A-4394-BB83-06A995DBD1AC}.Staging|Any CPU.Build.0 = Release|Any CPU
		{B217A0DA-332A-4394-BB83-06A995DBD1AC}.Staging|Mixed Platforms.ActiveCfg = Release|Any CPU
		{B217A0DA-332A-4394-BB83-06A995DBD1AC}.Staging|Mixed Platforms.Build.0 = Release|Any CPU
		{B217A0DA-332A-4394-BB83-06A995DBD1AC}.Staging|PHP 5.2.ActiveCfg = Release|Any CPU
		{B217A0DA-332A-4394-BB83-06A995DBD1AC}.Staging|x86.ActiveCfg = Release|Any CPU
		{B898C2F7-F3ED-4D25-934C-04131CA15808}.Debug|Any CPU.ActiveCfg = Debug|Any CPU
		{B898C2F7-F3ED-4D25-934C-04131CA15808}.Debug|Any CPU.Build.0 = Debug|Any CPU
		{B898C2F7-F3ED-4D25-934C-04131CA15808}.Debug|Mixed Platforms.ActiveCfg = Debug|Any CPU
		{B898C2F7-F3ED-4D25-934C-04131CA15808}.Debug|Mixed Platforms.Build.0 = Debug|Any CPU
		{B898C2F7-F3ED-4D25-934C-04131CA15808}.Debug|PHP 5.2.ActiveCfg = Debug|Any CPU
		{B898C2F7-F3ED-4D25-934C-04131CA15808}.Debug|x86.ActiveCfg = Debug|Any CPU
		{B898C2F7-F3ED-4D25-934C-04131CA15808}.Debug|x86.Build.0 = Debug|Any CPU
		{B898C2F7-F3ED-4D25-934C-04131CA15808}.Local|Any CPU.ActiveCfg = Release|Any CPU
		{B898C2F7-F3ED-4D25-934C-04131CA15808}.Local|Any CPU.Build.0 = Release|Any CPU
		{B898C2F7-F3ED-4D25-934C-04131CA15808}.Local|Mixed Platforms.ActiveCfg = Release|Any CPU
		{B898C2F7-F3ED-4D25-934C-04131CA15808}.Local|Mixed Platforms.Build.0 = Release|Any CPU
		{B898C2F7-F3ED-4D25-934C-04131CA15808}.Local|PHP 5.2.ActiveCfg = Release|Any CPU
		{B898C2F7-F3ED-4D25-934C-04131CA15808}.Local|x86.ActiveCfg = Release|Any CPU
		{B898C2F7-F3ED-4D25-934C-04131CA15808}.Production|Any CPU.ActiveCfg = Release|Any CPU
		{B898C2F7-F3ED-4D25-934C-04131CA15808}.Production|Any CPU.Build.0 = Release|Any CPU
		{B898C2F7-F3ED-4D25-934C-04131CA15808}.Production|Mixed Platforms.ActiveCfg = Release|Any CPU
		{B898C2F7-F3ED-4D25-934C-04131CA15808}.Production|Mixed Platforms.Build.0 = Release|Any CPU
		{B898C2F7-F3ED-4D25-934C-04131CA15808}.Production|PHP 5.2.ActiveCfg = Release|Any CPU
		{B898C2F7-F3ED-4D25-934C-04131CA15808}.Production|x86.ActiveCfg = Release|Any CPU
		{B898C2F7-F3ED-4D25-934C-04131CA15808}.Release|Any CPU.ActiveCfg = Release|Any CPU
		{B898C2F7-F3ED-4D25-934C-04131CA15808}.Release|Any CPU.Build.0 = Release|Any CPU
		{B898C2F7-F3ED-4D25-934C-04131CA15808}.Release|Mixed Platforms.ActiveCfg = Release|Any CPU
		{B898C2F7-F3ED-4D25-934C-04131CA15808}.Release|Mixed Platforms.Build.0 = Release|Any CPU
		{B898C2F7-F3ED-4D25-934C-04131CA15808}.Release|PHP 5.2.ActiveCfg = Release|Any CPU
		{B898C2F7-F3ED-4D25-934C-04131CA15808}.Release|x86.ActiveCfg = Release|Any CPU
		{B898C2F7-F3ED-4D25-934C-04131CA15808}.Staging|Any CPU.ActiveCfg = Release|Any CPU
		{B898C2F7-F3ED-4D25-934C-04131CA15808}.Staging|Any CPU.Build.0 = Release|Any CPU
		{B898C2F7-F3ED-4D25-934C-04131CA15808}.Staging|Mixed Platforms.ActiveCfg = Release|Any CPU
		{B898C2F7-F3ED-4D25-934C-04131CA15808}.Staging|Mixed Platforms.Build.0 = Release|Any CPU
		{B898C2F7-F3ED-4D25-934C-04131CA15808}.Staging|PHP 5.2.ActiveCfg = Release|Any CPU
		{B898C2F7-F3ED-4D25-934C-04131CA15808}.Staging|x86.ActiveCfg = Release|Any CPU
		{3A9EEC93-0E0B-4740-853F-ACD9397E3E46}.Debug|Any CPU.ActiveCfg = Debug|Any CPU
		{3A9EEC93-0E0B-4740-853F-ACD9397E3E46}.Debug|Any CPU.Build.0 = Debug|Any CPU
		{3A9EEC93-0E0B-4740-853F-ACD9397E3E46}.Debug|Mixed Platforms.ActiveCfg = Debug|Any CPU
		{3A9EEC93-0E0B-4740-853F-ACD9397E3E46}.Debug|Mixed Platforms.Build.0 = Debug|Any CPU
		{3A9EEC93-0E0B-4740-853F-ACD9397E3E46}.Debug|PHP 5.2.ActiveCfg = Debug|Any CPU
		{3A9EEC93-0E0B-4740-853F-ACD9397E3E46}.Debug|x86.ActiveCfg = Debug|Any CPU
		{3A9EEC93-0E0B-4740-853F-ACD9397E3E46}.Debug|x86.Build.0 = Debug|Any CPU
		{3A9EEC93-0E0B-4740-853F-ACD9397E3E46}.Local|Any CPU.ActiveCfg = Release|Any CPU
		{3A9EEC93-0E0B-4740-853F-ACD9397E3E46}.Local|Any CPU.Build.0 = Release|Any CPU
		{3A9EEC93-0E0B-4740-853F-ACD9397E3E46}.Local|Mixed Platforms.ActiveCfg = Release|Any CPU
		{3A9EEC93-0E0B-4740-853F-ACD9397E3E46}.Local|Mixed Platforms.Build.0 = Release|Any CPU
		{3A9EEC93-0E0B-4740-853F-ACD9397E3E46}.Local|PHP 5.2.ActiveCfg = Release|Any CPU
		{3A9EEC93-0E0B-4740-853F-ACD9397E3E46}.Local|x86.ActiveCfg = Release|Any CPU
		{3A9EEC93-0E0B-4740-853F-ACD9397E3E46}.Production|Any CPU.ActiveCfg = Release|Any CPU
		{3A9EEC93-0E0B-4740-853F-ACD9397E3E46}.Production|Any CPU.Build.0 = Release|Any CPU
		{3A9EEC93-0E0B-4740-853F-ACD9397E3E46}.Production|Mixed Platforms.ActiveCfg = Release|Any CPU
		{3A9EEC93-0E0B-4740-853F-ACD9397E3E46}.Production|Mixed Platforms.Build.0 = Release|Any CPU
		{3A9EEC93-0E0B-4740-853F-ACD9397E3E46}.Production|PHP 5.2.ActiveCfg = Release|Any CPU
		{3A9EEC93-0E0B-4740-853F-ACD9397E3E46}.Production|x86.ActiveCfg = Release|Any CPU
		{3A9EEC93-0E0B-4740-853F-ACD9397E3E46}.Release|Any CPU.ActiveCfg = Release|Any CPU
		{3A9EEC93-0E0B-4740-853F-ACD9397E3E46}.Release|Any CPU.Build.0 = Release|Any CPU
		{3A9EEC93-0E0B-4740-853F-ACD9397E3E46}.Release|Mixed Platforms.ActiveCfg = Release|Any CPU
		{3A9EEC93-0E0B-4740-853F-ACD9397E3E46}.Release|Mixed Platforms.Build.0 = Release|Any CPU
		{3A9EEC93-0E0B-4740-853F-ACD9397E3E46}.Release|PHP 5.2.ActiveCfg = Release|Any CPU
		{3A9EEC93-0E0B-4740-853F-ACD9397E3E46}.Release|x86.ActiveCfg = Release|Any CPU
		{3A9EEC93-0E0B-4740-853F-ACD9397E3E46}.Staging|Any CPU.ActiveCfg = Release|Any CPU
		{3A9EEC93-0E0B-4740-853F-ACD9397E3E46}.Staging|Any CPU.Build.0 = Release|Any CPU
		{3A9EEC93-0E0B-4740-853F-ACD9397E3E46}.Staging|Mixed Platforms.ActiveCfg = Release|Any CPU
		{3A9EEC93-0E0B-4740-853F-ACD9397E3E46}.Staging|Mixed Platforms.Build.0 = Release|Any CPU
		{3A9EEC93-0E0B-4740-853F-ACD9397E3E46}.Staging|PHP 5.2.ActiveCfg = Release|Any CPU
		{3A9EEC93-0E0B-4740-853F-ACD9397E3E46}.Staging|x86.ActiveCfg = Release|Any CPU
		{92451B64-CB7D-4240-9982-3D7AD9823872}.Debug|Any CPU.ActiveCfg = Debug|Any CPU
		{92451B64-CB7D-4240-9982-3D7AD9823872}.Debug|Any CPU.Build.0 = Debug|Any CPU
		{92451B64-CB7D-4240-9982-3D7AD9823872}.Debug|Mixed Platforms.ActiveCfg = Debug|Any CPU
		{92451B64-CB7D-4240-9982-3D7AD9823872}.Debug|Mixed Platforms.Build.0 = Debug|Any CPU
		{92451B64-CB7D-4240-9982-3D7AD9823872}.Debug|PHP 5.2.ActiveCfg = Debug|Any CPU
		{92451B64-CB7D-4240-9982-3D7AD9823872}.Debug|x86.ActiveCfg = Debug|Any CPU
		{92451B64-CB7D-4240-9982-3D7AD9823872}.Debug|x86.Build.0 = Debug|Any CPU
		{92451B64-CB7D-4240-9982-3D7AD9823872}.Local|Any CPU.ActiveCfg = Release|Any CPU
		{92451B64-CB7D-4240-9982-3D7AD9823872}.Local|Any CPU.Build.0 = Release|Any CPU
		{92451B64-CB7D-4240-9982-3D7AD9823872}.Local|Mixed Platforms.ActiveCfg = Release|Any CPU
		{92451B64-CB7D-4240-9982-3D7AD9823872}.Local|Mixed Platforms.Build.0 = Release|Any CPU
		{92451B64-CB7D-4240-9982-3D7AD9823872}.Local|PHP 5.2.ActiveCfg = Release|Any CPU
		{92451B64-CB7D-4240-9982-3D7AD9823872}.Local|x86.ActiveCfg = Release|Any CPU
		{92451B64-CB7D-4240-9982-3D7AD9823872}.Production|Any CPU.ActiveCfg = Release|Any CPU
		{92451B64-CB7D-4240-9982-3D7AD9823872}.Production|Any CPU.Build.0 = Release|Any CPU
		{92451B64-CB7D-4240-9982-3D7AD9823872}.Production|Mixed Platforms.ActiveCfg = Release|Any CPU
		{92451B64-CB7D-4240-9982-3D7AD9823872}.Production|Mixed Platforms.Build.0 = Release|Any CPU
		{92451B64-CB7D-4240-9982-3D7AD9823872}.Production|PHP 5.2.ActiveCfg = Release|Any CPU
		{92451B64-CB7D-4240-9982-3D7AD9823872}.Production|x86.ActiveCfg = Release|Any CPU
		{92451B64-CB7D-4240-9982-3D7AD9823872}.Release|Any CPU.ActiveCfg = Release|Any CPU
		{92451B64-CB7D-4240-9982-3D7AD9823872}.Release|Any CPU.Build.0 = Release|Any CPU
		{92451B64-CB7D-4240-9982-3D7AD9823872}.Release|Mixed Platforms.ActiveCfg = Release|Any CPU
		{92451B64-CB7D-4240-9982-3D7AD9823872}.Release|Mixed Platforms.Build.0 = Release|Any CPU
		{92451B64-CB7D-4240-9982-3D7AD9823872}.Release|PHP 5.2.ActiveCfg = Release|Any CPU
		{92451B64-CB7D-4240-9982-3D7AD9823872}.Release|x86.ActiveCfg = Release|Any CPU
		{92451B64-CB7D-4240-9982-3D7AD9823872}.Staging|Any CPU.ActiveCfg = Release|Any CPU
		{92451B64-CB7D-4240-9982-3D7AD9823872}.Staging|Any CPU.Build.0 = Release|Any CPU
		{92451B64-CB7D-4240-9982-3D7AD9823872}.Staging|Mixed Platforms.ActiveCfg = Release|Any CPU
		{92451B64-CB7D-4240-9982-3D7AD9823872}.Staging|Mixed Platforms.Build.0 = Release|Any CPU
		{92451B64-CB7D-4240-9982-3D7AD9823872}.Staging|PHP 5.2.ActiveCfg = Release|Any CPU
		{92451B64-CB7D-4240-9982-3D7AD9823872}.Staging|x86.ActiveCfg = Release|Any CPU
		{6F0F7203-A12B-4526-8123-B7F3050BDE40}.Debug|Any CPU.ActiveCfg = Debug|Any CPU
		{6F0F7203-A12B-4526-8123-B7F3050BDE40}.Debug|Any CPU.Build.0 = Debug|Any CPU
		{6F0F7203-A12B-4526-8123-B7F3050BDE40}.Debug|Mixed Platforms.ActiveCfg = Debug|Any CPU
		{6F0F7203-A12B-4526-8123-B7F3050BDE40}.Debug|Mixed Platforms.Build.0 = Debug|Any CPU
		{6F0F7203-A12B-4526-8123-B7F3050BDE40}.Debug|PHP 5.2.ActiveCfg = Debug|Any CPU
		{6F0F7203-A12B-4526-8123-B7F3050BDE40}.Debug|x86.ActiveCfg = Debug|Any CPU
		{6F0F7203-A12B-4526-8123-B7F3050BDE40}.Debug|x86.Build.0 = Debug|Any CPU
		{6F0F7203-A12B-4526-8123-B7F3050BDE40}.Local|Any CPU.ActiveCfg = Release|Any CPU
		{6F0F7203-A12B-4526-8123-B7F3050BDE40}.Local|Any CPU.Build.0 = Release|Any CPU
		{6F0F7203-A12B-4526-8123-B7F3050BDE40}.Local|Mixed Platforms.ActiveCfg = Release|Any CPU
		{6F0F7203-A12B-4526-8123-B7F3050BDE40}.Local|Mixed Platforms.Build.0 = Release|Any CPU
		{6F0F7203-A12B-4526-8123-B7F3050BDE40}.Local|PHP 5.2.ActiveCfg = Release|Any CPU
		{6F0F7203-A12B-4526-8123-B7F3050BDE40}.Local|x86.ActiveCfg = Release|Any CPU
		{6F0F7203-A12B-4526-8123-B7F3050BDE40}.Production|Any CPU.ActiveCfg = Release|Any CPU
		{6F0F7203-A12B-4526-8123-B7F3050BDE40}.Production|Any CPU.Build.0 = Release|Any CPU
		{6F0F7203-A12B-4526-8123-B7F3050BDE40}.Production|Mixed Platforms.ActiveCfg = Release|Any CPU
		{6F0F7203-A12B-4526-8123-B7F3050BDE40}.Production|Mixed Platforms.Build.0 = Release|Any CPU
		{6F0F7203-A12B-4526-8123-B7F3050BDE40}.Production|PHP 5.2.ActiveCfg = Release|Any CPU
		{6F0F7203-A12B-4526-8123-B7F3050BDE40}.Production|x86.ActiveCfg = Release|Any CPU
		{6F0F7203-A12B-4526-8123-B7F3050BDE40}.Release|Any CPU.ActiveCfg = Release|Any CPU
		{6F0F7203-A12B-4526-8123-B7F3050BDE40}.Release|Any CPU.Build.0 = Release|Any CPU
		{6F0F7203-A12B-4526-8123-B7F3050BDE40}.Release|Mixed Platforms.ActiveCfg = Release|Any CPU
		{6F0F7203-A12B-4526-8123-B7F3050BDE40}.Release|Mixed Platforms.Build.0 = Release|Any CPU
		{6F0F7203-A12B-4526-8123-B7F3050BDE40}.Release|PHP 5.2.ActiveCfg = Release|Any CPU
		{6F0F7203-A12B-4526-8123-B7F3050BDE40}.Release|x86.ActiveCfg = Release|Any CPU
		{6F0F7203-A12B-4526-8123-B7F3050BDE40}.Staging|Any CPU.ActiveCfg = Release|Any CPU
		{6F0F7203-A12B-4526-8123-B7F3050BDE40}.Staging|Any CPU.Build.0 = Release|Any CPU
		{6F0F7203-A12B-4526-8123-B7F3050BDE40}.Staging|Mixed Platforms.ActiveCfg = Release|Any CPU
		{6F0F7203-A12B-4526-8123-B7F3050BDE40}.Staging|Mixed Platforms.Build.0 = Release|Any CPU
		{6F0F7203-A12B-4526-8123-B7F3050BDE40}.Staging|PHP 5.2.ActiveCfg = Release|Any CPU
		{6F0F7203-A12B-4526-8123-B7F3050BDE40}.Staging|x86.ActiveCfg = Release|Any CPU
		{C7A918BA-41E4-43A2-94F1-AECF9F9334DB}.Debug|Any CPU.ActiveCfg = Debug|Any CPU
		{C7A918BA-41E4-43A2-94F1-AECF9F9334DB}.Debug|Any CPU.Build.0 = Debug|Any CPU
		{C7A918BA-41E4-43A2-94F1-AECF9F9334DB}.Debug|Mixed Platforms.ActiveCfg = Debug|Any CPU
		{C7A918BA-41E4-43A2-94F1-AECF9F9334DB}.Debug|Mixed Platforms.Build.0 = Debug|Any CPU
		{C7A918BA-41E4-43A2-94F1-AECF9F9334DB}.Debug|PHP 5.2.ActiveCfg = Debug|Any CPU
		{C7A918BA-41E4-43A2-94F1-AECF9F9334DB}.Debug|x86.ActiveCfg = Debug|Any CPU
		{C7A918BA-41E4-43A2-94F1-AECF9F9334DB}.Debug|x86.Build.0 = Debug|Any CPU
		{C7A918BA-41E4-43A2-94F1-AECF9F9334DB}.Local|Any CPU.ActiveCfg = Release|Any CPU
		{C7A918BA-41E4-43A2-94F1-AECF9F9334DB}.Local|Any CPU.Build.0 = Release|Any CPU
		{C7A918BA-41E4-43A2-94F1-AECF9F9334DB}.Local|Mixed Platforms.ActiveCfg = Release|Any CPU
		{C7A918BA-41E4-43A2-94F1-AECF9F9334DB}.Local|Mixed Platforms.Build.0 = Release|Any CPU
		{C7A918BA-41E4-43A2-94F1-AECF9F9334DB}.Local|PHP 5.2.ActiveCfg = Release|Any CPU
		{C7A918BA-41E4-43A2-94F1-AECF9F9334DB}.Local|x86.ActiveCfg = Release|Any CPU
		{C7A918BA-41E4-43A2-94F1-AECF9F9334DB}.Production|Any CPU.ActiveCfg = Release|Any CPU
		{C7A918BA-41E4-43A2-94F1-AECF9F9334DB}.Production|Any CPU.Build.0 = Release|Any CPU
		{C7A918BA-41E4-43A2-94F1-AECF9F9334DB}.Production|Mixed Platforms.ActiveCfg = Release|Any CPU
		{C7A918BA-41E4-43A2-94F1-AECF9F9334DB}.Production|Mixed Platforms.Build.0 = Release|Any CPU
		{C7A918BA-41E4-43A2-94F1-AECF9F9334DB}.Production|PHP 5.2.ActiveCfg = Release|Any CPU
		{C7A918BA-41E4-43A2-94F1-AECF9F9334DB}.Production|x86.ActiveCfg = Release|Any CPU
		{C7A918BA-41E4-43A2-94F1-AECF9F9334DB}.Release|Any CPU.ActiveCfg = Release|Any CPU
		{C7A918BA-41E4-43A2-94F1-AECF9F9334DB}.Release|Any CPU.Build.0 = Release|Any CPU
		{C7A918BA-41E4-43A2-94F1-AECF9F9334DB}.Release|Mixed Platforms.ActiveCfg = Release|Any CPU
		{C7A918BA-41E4-43A2-94F1-AECF9F9334DB}.Release|Mixed Platforms.Build.0 = Release|Any CPU
		{C7A918BA-41E4-43A2-94F1-AECF9F9334DB}.Release|PHP 5.2.ActiveCfg = Release|Any CPU
		{C7A918BA-41E4-43A2-94F1-AECF9F9334DB}.Release|x86.ActiveCfg = Release|Any CPU
		{C7A918BA-41E4-43A2-94F1-AECF9F9334DB}.Staging|Any CPU.ActiveCfg = Release|Any CPU
		{C7A918BA-41E4-43A2-94F1-AECF9F9334DB}.Staging|Any CPU.Build.0 = Release|Any CPU
		{C7A918BA-41E4-43A2-94F1-AECF9F9334DB}.Staging|Mixed Platforms.ActiveCfg = Release|Any CPU
		{C7A918BA-41E4-43A2-94F1-AECF9F9334DB}.Staging|Mixed Platforms.Build.0 = Release|Any CPU
		{C7A918BA-41E4-43A2-94F1-AECF9F9334DB}.Staging|PHP 5.2.ActiveCfg = Release|Any CPU
		{C7A918BA-41E4-43A2-94F1-AECF9F9334DB}.Staging|x86.ActiveCfg = Release|Any CPU
		{8A6394CA-84ED-42E8-B8D2-479638B0CF99}.Debug|Any CPU.ActiveCfg = Debug|Any CPU
		{8A6394CA-84ED-42E8-B8D2-479638B0CF99}.Debug|Any CPU.Build.0 = Debug|Any CPU
		{8A6394CA-84ED-42E8-B8D2-479638B0CF99}.Debug|Mixed Platforms.ActiveCfg = Debug|Any CPU
		{8A6394CA-84ED-42E8-B8D2-479638B0CF99}.Debug|Mixed Platforms.Build.0 = Debug|Any CPU
		{8A6394CA-84ED-42E8-B8D2-479638B0CF99}.Debug|PHP 5.2.ActiveCfg = Debug|Any CPU
		{8A6394CA-84ED-42E8-B8D2-479638B0CF99}.Debug|x86.ActiveCfg = Debug|Any CPU
		{8A6394CA-84ED-42E8-B8D2-479638B0CF99}.Debug|x86.Build.0 = Debug|Any CPU
		{8A6394CA-84ED-42E8-B8D2-479638B0CF99}.Local|Any CPU.ActiveCfg = Release|Any CPU
		{8A6394CA-84ED-42E8-B8D2-479638B0CF99}.Local|Any CPU.Build.0 = Release|Any CPU
		{8A6394CA-84ED-42E8-B8D2-479638B0CF99}.Local|Mixed Platforms.ActiveCfg = Release|Any CPU
		{8A6394CA-84ED-42E8-B8D2-479638B0CF99}.Local|Mixed Platforms.Build.0 = Release|Any CPU
		{8A6394CA-84ED-42E8-B8D2-479638B0CF99}.Local|PHP 5.2.ActiveCfg = Release|Any CPU
		{8A6394CA-84ED-42E8-B8D2-479638B0CF99}.Local|x86.ActiveCfg = Release|Any CPU
		{8A6394CA-84ED-42E8-B8D2-479638B0CF99}.Production|Any CPU.ActiveCfg = Release|Any CPU
		{8A6394CA-84ED-42E8-B8D2-479638B0CF99}.Production|Any CPU.Build.0 = Release|Any CPU
		{8A6394CA-84ED-42E8-B8D2-479638B0CF99}.Production|Mixed Platforms.ActiveCfg = Release|Any CPU
		{8A6394CA-84ED-42E8-B8D2-479638B0CF99}.Production|Mixed Platforms.Build.0 = Release|Any CPU
		{8A6394CA-84ED-42E8-B8D2-479638B0CF99}.Production|PHP 5.2.ActiveCfg = Release|Any CPU
		{8A6394CA-84ED-42E8-B8D2-479638B0CF99}.Production|x86.ActiveCfg = Release|Any CPU
		{8A6394CA-84ED-42E8-B8D2-479638B0CF99}.Release|Any CPU.ActiveCfg = Release|Any CPU
		{8A6394CA-84ED-42E8-B8D2-479638B0CF99}.Release|Any CPU.Build.0 = Release|Any CPU
		{8A6394CA-84ED-42E8-B8D2-479638B0CF99}.Release|Mixed Platforms.ActiveCfg = Release|Any CPU
		{8A6394CA-84ED-42E8-B8D2-479638B0CF99}.Release|Mixed Platforms.Build.0 = Release|Any CPU
		{8A6394CA-84ED-42E8-B8D2-479638B0CF99}.Release|PHP 5.2.ActiveCfg = Release|Any CPU
		{8A6394CA-84ED-42E8-B8D2-479638B0CF99}.Release|x86.ActiveCfg = Release|Any CPU
		{8A6394CA-84ED-42E8-B8D2-479638B0CF99}.Staging|Any CPU.ActiveCfg = Release|Any CPU
		{8A6394CA-84ED-42E8-B8D2-479638B0CF99}.Staging|Any CPU.Build.0 = Release|Any CPU
		{8A6394CA-84ED-42E8-B8D2-479638B0CF99}.Staging|Mixed Platforms.ActiveCfg = Release|Any CPU
		{8A6394CA-84ED-42E8-B8D2-479638B0CF99}.Staging|Mixed Platforms.Build.0 = Release|Any CPU
		{8A6394CA-84ED-42E8-B8D2-479638B0CF99}.Staging|PHP 5.2.ActiveCfg = Release|Any CPU
		{8A6394CA-84ED-42E8-B8D2-479638B0CF99}.Staging|x86.ActiveCfg = Release|Any CPU
		{E0D56794-EB9C-4685-82F3-50CB5CB2E379}.Debug|Any CPU.ActiveCfg = Debug|Any CPU
		{E0D56794-EB9C-4685-82F3-50CB5CB2E379}.Debug|Any CPU.Build.0 = Debug|Any CPU
		{E0D56794-EB9C-4685-82F3-50CB5CB2E379}.Debug|Mixed Platforms.ActiveCfg = Debug|Any CPU
		{E0D56794-EB9C-4685-82F3-50CB5CB2E379}.Debug|Mixed Platforms.Build.0 = Debug|Any CPU
		{E0D56794-EB9C-4685-82F3-50CB5CB2E379}.Debug|PHP 5.2.ActiveCfg = Debug|Any CPU
		{E0D56794-EB9C-4685-82F3-50CB5CB2E379}.Debug|x86.ActiveCfg = Debug|Any CPU
		{E0D56794-EB9C-4685-82F3-50CB5CB2E379}.Debug|x86.Build.0 = Debug|Any CPU
		{E0D56794-EB9C-4685-82F3-50CB5CB2E379}.Local|Any CPU.ActiveCfg = Release|Any CPU
		{E0D56794-EB9C-4685-82F3-50CB5CB2E379}.Local|Any CPU.Build.0 = Release|Any CPU
		{E0D56794-EB9C-4685-82F3-50CB5CB2E379}.Local|Mixed Platforms.ActiveCfg = Release|Any CPU
		{E0D56794-EB9C-4685-82F3-50CB5CB2E379}.Local|Mixed Platforms.Build.0 = Release|Any CPU
		{E0D56794-EB9C-4685-82F3-50CB5CB2E379}.Local|PHP 5.2.ActiveCfg = Release|Any CPU
		{E0D56794-EB9C-4685-82F3-50CB5CB2E379}.Local|x86.ActiveCfg = Release|Any CPU
		{E0D56794-EB9C-4685-82F3-50CB5CB2E379}.Production|Any CPU.ActiveCfg = Release|Any CPU
		{E0D56794-EB9C-4685-82F3-50CB5CB2E379}.Production|Any CPU.Build.0 = Release|Any CPU
		{E0D56794-EB9C-4685-82F3-50CB5CB2E379}.Production|Mixed Platforms.ActiveCfg = Release|Any CPU
		{E0D56794-EB9C-4685-82F3-50CB5CB2E379}.Production|Mixed Platforms.Build.0 = Release|Any CPU
		{E0D56794-EB9C-4685-82F3-50CB5CB2E379}.Production|PHP 5.2.ActiveCfg = Release|Any CPU
		{E0D56794-EB9C-4685-82F3-50CB5CB2E379}.Production|x86.ActiveCfg = Release|Any CPU
		{E0D56794-EB9C-4685-82F3-50CB5CB2E379}.Release|Any CPU.ActiveCfg = Release|Any CPU
		{E0D56794-EB9C-4685-82F3-50CB5CB2E379}.Release|Any CPU.Build.0 = Release|Any CPU
		{E0D56794-EB9C-4685-82F3-50CB5CB2E379}.Release|Mixed Platforms.ActiveCfg = Release|Any CPU
		{E0D56794-EB9C-4685-82F3-50CB5CB2E379}.Release|Mixed Platforms.Build.0 = Release|Any CPU
		{E0D56794-EB9C-4685-82F3-50CB5CB2E379}.Release|PHP 5.2.ActiveCfg = Release|Any CPU
		{E0D56794-EB9C-4685-82F3-50CB5CB2E379}.Release|x86.ActiveCfg = Release|Any CPU
		{E0D56794-EB9C-4685-82F3-50CB5CB2E379}.Staging|Any CPU.ActiveCfg = Release|Any CPU
		{E0D56794-EB9C-4685-82F3-50CB5CB2E379}.Staging|Any CPU.Build.0 = Release|Any CPU
		{E0D56794-EB9C-4685-82F3-50CB5CB2E379}.Staging|Mixed Platforms.ActiveCfg = Release|Any CPU
		{E0D56794-EB9C-4685-82F3-50CB5CB2E379}.Staging|Mixed Platforms.Build.0 = Release|Any CPU
		{E0D56794-EB9C-4685-82F3-50CB5CB2E379}.Staging|PHP 5.2.ActiveCfg = Release|Any CPU
		{E0D56794-EB9C-4685-82F3-50CB5CB2E379}.Staging|x86.ActiveCfg = Release|Any CPU
		{27C6E2F3-6016-4E1D-81A0-01171A14870C}.Debug|Any CPU.ActiveCfg = Debug|Any CPU
		{27C6E2F3-6016-4E1D-81A0-01171A14870C}.Debug|Any CPU.Build.0 = Debug|Any CPU
		{27C6E2F3-6016-4E1D-81A0-01171A14870C}.Debug|Mixed Platforms.ActiveCfg = Debug|Any CPU
		{27C6E2F3-6016-4E1D-81A0-01171A14870C}.Debug|Mixed Platforms.Build.0 = Debug|Any CPU
		{27C6E2F3-6016-4E1D-81A0-01171A14870C}.Debug|PHP 5.2.ActiveCfg = Debug|Any CPU
		{27C6E2F3-6016-4E1D-81A0-01171A14870C}.Debug|x86.ActiveCfg = Debug|Any CPU
		{27C6E2F3-6016-4E1D-81A0-01171A14870C}.Debug|x86.Build.0 = Debug|Any CPU
		{27C6E2F3-6016-4E1D-81A0-01171A14870C}.Local|Any CPU.ActiveCfg = Release|Any CPU
		{27C6E2F3-6016-4E1D-81A0-01171A14870C}.Local|Any CPU.Build.0 = Release|Any CPU
		{27C6E2F3-6016-4E1D-81A0-01171A14870C}.Local|Mixed Platforms.ActiveCfg = Release|Any CPU
		{27C6E2F3-6016-4E1D-81A0-01171A14870C}.Local|Mixed Platforms.Build.0 = Release|Any CPU
		{27C6E2F3-6016-4E1D-81A0-01171A14870C}.Local|PHP 5.2.ActiveCfg = Release|Any CPU
		{27C6E2F3-6016-4E1D-81A0-01171A14870C}.Local|x86.ActiveCfg = Release|Any CPU
		{27C6E2F3-6016-4E1D-81A0-01171A14870C}.Production|Any CPU.ActiveCfg = Release|Any CPU
		{27C6E2F3-6016-4E1D-81A0-01171A14870C}.Production|Any CPU.Build.0 = Release|Any CPU
		{27C6E2F3-6016-4E1D-81A0-01171A14870C}.Production|Mixed Platforms.ActiveCfg = Release|Any CPU
		{27C6E2F3-6016-4E1D-81A0-01171A14870C}.Production|Mixed Platforms.Build.0 = Release|Any CPU
		{27C6E2F3-6016-4E1D-81A0-01171A14870C}.Production|PHP 5.2.ActiveCfg = Release|Any CPU
		{27C6E2F3-6016-4E1D-81A0-01171A14870C}.Production|x86.ActiveCfg = Release|Any CPU
		{27C6E2F3-6016-4E1D-81A0-01171A14870C}.Release|Any CPU.ActiveCfg = Release|Any CPU
		{27C6E2F3-6016-4E1D-81A0-01171A14870C}.Release|Any CPU.Build.0 = Release|Any CPU
		{27C6E2F3-6016-4E1D-81A0-01171A14870C}.Release|Mixed Platforms.ActiveCfg = Release|Any CPU
		{27C6E2F3-6016-4E1D-81A0-01171A14870C}.Release|Mixed Platforms.Build.0 = Release|Any CPU
		{27C6E2F3-6016-4E1D-81A0-01171A14870C}.Release|PHP 5.2.ActiveCfg = Release|Any CPU
		{27C6E2F3-6016-4E1D-81A0-01171A14870C}.Release|x86.ActiveCfg = Release|Any CPU
		{27C6E2F3-6016-4E1D-81A0-01171A14870C}.Staging|Any CPU.ActiveCfg = Release|Any CPU
		{27C6E2F3-6016-4E1D-81A0-01171A14870C}.Staging|Any CPU.Build.0 = Release|Any CPU
		{27C6E2F3-6016-4E1D-81A0-01171A14870C}.Staging|Mixed Platforms.ActiveCfg = Release|Any CPU
		{27C6E2F3-6016-4E1D-81A0-01171A14870C}.Staging|Mixed Platforms.Build.0 = Release|Any CPU
		{27C6E2F3-6016-4E1D-81A0-01171A14870C}.Staging|PHP 5.2.ActiveCfg = Release|Any CPU
		{27C6E2F3-6016-4E1D-81A0-01171A14870C}.Staging|x86.ActiveCfg = Release|Any CPU
		{5377CB63-1979-4596-A1F4-DF9417C9B037}.Debug|Any CPU.ActiveCfg = Debug|x86
		{5377CB63-1979-4596-A1F4-DF9417C9B037}.Debug|Mixed Platforms.ActiveCfg = Debug|x86
		{5377CB63-1979-4596-A1F4-DF9417C9B037}.Debug|Mixed Platforms.Build.0 = Debug|x86
		{5377CB63-1979-4596-A1F4-DF9417C9B037}.Debug|PHP 5.2.ActiveCfg = Debug|x86
		{5377CB63-1979-4596-A1F4-DF9417C9B037}.Debug|x86.ActiveCfg = Debug|x86
		{5377CB63-1979-4596-A1F4-DF9417C9B037}.Debug|x86.Build.0 = Debug|x86
		{5377CB63-1979-4596-A1F4-DF9417C9B037}.Local|Any CPU.ActiveCfg = Release|x86
		{5377CB63-1979-4596-A1F4-DF9417C9B037}.Local|Mixed Platforms.ActiveCfg = Release|x86
		{5377CB63-1979-4596-A1F4-DF9417C9B037}.Local|Mixed Platforms.Build.0 = Release|x86
		{5377CB63-1979-4596-A1F4-DF9417C9B037}.Local|PHP 5.2.ActiveCfg = Release|x86
		{5377CB63-1979-4596-A1F4-DF9417C9B037}.Local|x86.ActiveCfg = Release|x86
		{5377CB63-1979-4596-A1F4-DF9417C9B037}.Local|x86.Build.0 = Release|x86
		{5377CB63-1979-4596-A1F4-DF9417C9B037}.Production|Any CPU.ActiveCfg = Release|x86
		{5377CB63-1979-4596-A1F4-DF9417C9B037}.Production|Mixed Platforms.ActiveCfg = Release|x86
		{5377CB63-1979-4596-A1F4-DF9417C9B037}.Production|Mixed Platforms.Build.0 = Release|x86
		{5377CB63-1979-4596-A1F4-DF9417C9B037}.Production|PHP 5.2.ActiveCfg = Release|x86
		{5377CB63-1979-4596-A1F4-DF9417C9B037}.Production|x86.ActiveCfg = Release|x86
		{5377CB63-1979-4596-A1F4-DF9417C9B037}.Production|x86.Build.0 = Release|x86
		{5377CB63-1979-4596-A1F4-DF9417C9B037}.Release|Any CPU.ActiveCfg = Release|x86
		{5377CB63-1979-4596-A1F4-DF9417C9B037}.Release|Mixed Platforms.ActiveCfg = Release|x86
		{5377CB63-1979-4596-A1F4-DF9417C9B037}.Release|Mixed Platforms.Build.0 = Release|x86
		{5377CB63-1979-4596-A1F4-DF9417C9B037}.Release|PHP 5.2.ActiveCfg = Release|x86
		{5377CB63-1979-4596-A1F4-DF9417C9B037}.Release|x86.ActiveCfg = Release|x86
		{5377CB63-1979-4596-A1F4-DF9417C9B037}.Release|x86.Build.0 = Release|x86
		{5377CB63-1979-4596-A1F4-DF9417C9B037}.Staging|Any CPU.ActiveCfg = Release|x86
		{5377CB63-1979-4596-A1F4-DF9417C9B037}.Staging|Mixed Platforms.ActiveCfg = Release|x86
		{5377CB63-1979-4596-A1F4-DF9417C9B037}.Staging|Mixed Platforms.Build.0 = Release|x86
		{5377CB63-1979-4596-A1F4-DF9417C9B037}.Staging|PHP 5.2.ActiveCfg = Release|x86
		{5377CB63-1979-4596-A1F4-DF9417C9B037}.Staging|x86.ActiveCfg = Release|x86
		{5377CB63-1979-4596-A1F4-DF9417C9B037}.Staging|x86.Build.0 = Release|x86
		{33F04EB2-55DE-4539-8E67-152A6057F100}.Debug|Any CPU.ActiveCfg = Debug|Any CPU
		{33F04EB2-55DE-4539-8E67-152A6057F100}.Debug|Any CPU.Build.0 = Debug|Any CPU
		{33F04EB2-55DE-4539-8E67-152A6057F100}.Debug|Mixed Platforms.ActiveCfg = Debug|Any CPU
		{33F04EB2-55DE-4539-8E67-152A6057F100}.Debug|Mixed Platforms.Build.0 = Debug|Any CPU
		{33F04EB2-55DE-4539-8E67-152A6057F100}.Debug|PHP 5.2.ActiveCfg = Debug|Any CPU
		{33F04EB2-55DE-4539-8E67-152A6057F100}.Debug|x86.ActiveCfg = Debug|Any CPU
		{33F04EB2-55DE-4539-8E67-152A6057F100}.Debug|x86.Build.0 = Debug|Any CPU
		{33F04EB2-55DE-4539-8E67-152A6057F100}.Local|Any CPU.ActiveCfg = Release|Any CPU
		{33F04EB2-55DE-4539-8E67-152A6057F100}.Local|Any CPU.Build.0 = Release|Any CPU
		{33F04EB2-55DE-4539-8E67-152A6057F100}.Local|Mixed Platforms.ActiveCfg = Release|Any CPU
		{33F04EB2-55DE-4539-8E67-152A6057F100}.Local|Mixed Platforms.Build.0 = Release|Any CPU
		{33F04EB2-55DE-4539-8E67-152A6057F100}.Local|PHP 5.2.ActiveCfg = Release|Any CPU
		{33F04EB2-55DE-4539-8E67-152A6057F100}.Local|x86.ActiveCfg = Release|Any CPU
		{33F04EB2-55DE-4539-8E67-152A6057F100}.Production|Any CPU.ActiveCfg = Release|Any CPU
		{33F04EB2-55DE-4539-8E67-152A6057F100}.Production|Any CPU.Build.0 = Release|Any CPU
		{33F04EB2-55DE-4539-8E67-152A6057F100}.Production|Mixed Platforms.ActiveCfg = Release|Any CPU
		{33F04EB2-55DE-4539-8E67-152A6057F100}.Production|Mixed Platforms.Build.0 = Release|Any CPU
		{33F04EB2-55DE-4539-8E67-152A6057F100}.Production|PHP 5.2.ActiveCfg = Release|Any CPU
		{33F04EB2-55DE-4539-8E67-152A6057F100}.Production|x86.ActiveCfg = Release|Any CPU
		{33F04EB2-55DE-4539-8E67-152A6057F100}.Release|Any CPU.ActiveCfg = Release|Any CPU
		{33F04EB2-55DE-4539-8E67-152A6057F100}.Release|Any CPU.Build.0 = Release|Any CPU
		{33F04EB2-55DE-4539-8E67-152A6057F100}.Release|Mixed Platforms.ActiveCfg = Release|Any CPU
		{33F04EB2-55DE-4539-8E67-152A6057F100}.Release|Mixed Platforms.Build.0 = Release|Any CPU
		{33F04EB2-55DE-4539-8E67-152A6057F100}.Release|PHP 5.2.ActiveCfg = Release|Any CPU
		{33F04EB2-55DE-4539-8E67-152A6057F100}.Release|x86.ActiveCfg = Release|Any CPU
		{33F04EB2-55DE-4539-8E67-152A6057F100}.Staging|Any CPU.ActiveCfg = Release|Any CPU
		{33F04EB2-55DE-4539-8E67-152A6057F100}.Staging|Any CPU.Build.0 = Release|Any CPU
		{33F04EB2-55DE-4539-8E67-152A6057F100}.Staging|Mixed Platforms.ActiveCfg = Release|Any CPU
		{33F04EB2-55DE-4539-8E67-152A6057F100}.Staging|Mixed Platforms.Build.0 = Release|Any CPU
		{33F04EB2-55DE-4539-8E67-152A6057F100}.Staging|PHP 5.2.ActiveCfg = Release|Any CPU
		{33F04EB2-55DE-4539-8E67-152A6057F100}.Staging|x86.ActiveCfg = Release|Any CPU
		{ADFE0244-B352-4B21-AB0F-040805535C71}.Debug|Any CPU.ActiveCfg = Debug|Any CPU
		{ADFE0244-B352-4B21-AB0F-040805535C71}.Debug|Any CPU.Build.0 = Debug|Any CPU
		{ADFE0244-B352-4B21-AB0F-040805535C71}.Debug|Mixed Platforms.ActiveCfg = Debug|Any CPU
		{ADFE0244-B352-4B21-AB0F-040805535C71}.Debug|Mixed Platforms.Build.0 = Debug|Any CPU
		{ADFE0244-B352-4B21-AB0F-040805535C71}.Debug|PHP 5.2.ActiveCfg = Debug|Any CPU
		{ADFE0244-B352-4B21-AB0F-040805535C71}.Debug|x86.ActiveCfg = Debug|Any CPU
		{ADFE0244-B352-4B21-AB0F-040805535C71}.Debug|x86.Build.0 = Debug|Any CPU
		{ADFE0244-B352-4B21-AB0F-040805535C71}.Local|Any CPU.ActiveCfg = Release|Any CPU
		{ADFE0244-B352-4B21-AB0F-040805535C71}.Local|Any CPU.Build.0 = Release|Any CPU
		{ADFE0244-B352-4B21-AB0F-040805535C71}.Local|Mixed Platforms.ActiveCfg = Release|Any CPU
		{ADFE0244-B352-4B21-AB0F-040805535C71}.Local|Mixed Platforms.Build.0 = Release|Any CPU
		{ADFE0244-B352-4B21-AB0F-040805535C71}.Local|PHP 5.2.ActiveCfg = Release|Any CPU
		{ADFE0244-B352-4B21-AB0F-040805535C71}.Local|x86.ActiveCfg = Release|Any CPU
		{ADFE0244-B352-4B21-AB0F-040805535C71}.Production|Any CPU.ActiveCfg = Release|Any CPU
		{ADFE0244-B352-4B21-AB0F-040805535C71}.Production|Any CPU.Build.0 = Release|Any CPU
		{ADFE0244-B352-4B21-AB0F-040805535C71}.Production|Mixed Platforms.ActiveCfg = Release|Any CPU
		{ADFE0244-B352-4B21-AB0F-040805535C71}.Production|Mixed Platforms.Build.0 = Release|Any CPU
		{ADFE0244-B352-4B21-AB0F-040805535C71}.Production|PHP 5.2.ActiveCfg = Release|Any CPU
		{ADFE0244-B352-4B21-AB0F-040805535C71}.Production|x86.ActiveCfg = Release|Any CPU
		{ADFE0244-B352-4B21-AB0F-040805535C71}.Release|Any CPU.ActiveCfg = Release|Any CPU
		{ADFE0244-B352-4B21-AB0F-040805535C71}.Release|Any CPU.Build.0 = Release|Any CPU
		{ADFE0244-B352-4B21-AB0F-040805535C71}.Release|Mixed Platforms.ActiveCfg = Release|Any CPU
		{ADFE0244-B352-4B21-AB0F-040805535C71}.Release|Mixed Platforms.Build.0 = Release|Any CPU
		{ADFE0244-B352-4B21-AB0F-040805535C71}.Release|PHP 5.2.ActiveCfg = Release|Any CPU
		{ADFE0244-B352-4B21-AB0F-040805535C71}.Release|x86.ActiveCfg = Release|Any CPU
		{ADFE0244-B352-4B21-AB0F-040805535C71}.Staging|Any CPU.ActiveCfg = Release|Any CPU
		{ADFE0244-B352-4B21-AB0F-040805535C71}.Staging|Any CPU.Build.0 = Release|Any CPU
		{ADFE0244-B352-4B21-AB0F-040805535C71}.Staging|Mixed Platforms.ActiveCfg = Release|Any CPU
		{ADFE0244-B352-4B21-AB0F-040805535C71}.Staging|Mixed Platforms.Build.0 = Release|Any CPU
		{ADFE0244-B352-4B21-AB0F-040805535C71}.Staging|PHP 5.2.ActiveCfg = Release|Any CPU
		{ADFE0244-B352-4B21-AB0F-040805535C71}.Staging|x86.ActiveCfg = Release|Any CPU
		{F356172A-77A6-4BB7-9EF7-0EFBEA011759}.Debug|Any CPU.ActiveCfg = Debug|Any CPU
		{F356172A-77A6-4BB7-9EF7-0EFBEA011759}.Debug|Any CPU.Build.0 = Debug|Any CPU
		{F356172A-77A6-4BB7-9EF7-0EFBEA011759}.Debug|Mixed Platforms.ActiveCfg = Debug|Any CPU
		{F356172A-77A6-4BB7-9EF7-0EFBEA011759}.Debug|Mixed Platforms.Build.0 = Debug|Any CPU
		{F356172A-77A6-4BB7-9EF7-0EFBEA011759}.Debug|PHP 5.2.ActiveCfg = Debug|Any CPU
		{F356172A-77A6-4BB7-9EF7-0EFBEA011759}.Debug|x86.ActiveCfg = Debug|Any CPU
		{F356172A-77A6-4BB7-9EF7-0EFBEA011759}.Debug|x86.Build.0 = Debug|Any CPU
		{F356172A-77A6-4BB7-9EF7-0EFBEA011759}.Local|Any CPU.ActiveCfg = Release|Any CPU
		{F356172A-77A6-4BB7-9EF7-0EFBEA011759}.Local|Any CPU.Build.0 = Release|Any CPU
		{F356172A-77A6-4BB7-9EF7-0EFBEA011759}.Local|Mixed Platforms.ActiveCfg = Release|Any CPU
		{F356172A-77A6-4BB7-9EF7-0EFBEA011759}.Local|Mixed Platforms.Build.0 = Release|Any CPU
		{F356172A-77A6-4BB7-9EF7-0EFBEA011759}.Local|PHP 5.2.ActiveCfg = Release|Any CPU
		{F356172A-77A6-4BB7-9EF7-0EFBEA011759}.Local|x86.ActiveCfg = Release|Any CPU
		{F356172A-77A6-4BB7-9EF7-0EFBEA011759}.Production|Any CPU.ActiveCfg = Release|Any CPU
		{F356172A-77A6-4BB7-9EF7-0EFBEA011759}.Production|Any CPU.Build.0 = Release|Any CPU
		{F356172A-77A6-4BB7-9EF7-0EFBEA011759}.Production|Mixed Platforms.ActiveCfg = Release|Any CPU
		{F356172A-77A6-4BB7-9EF7-0EFBEA011759}.Production|Mixed Platforms.Build.0 = Release|Any CPU
		{F356172A-77A6-4BB7-9EF7-0EFBEA011759}.Production|PHP 5.2.ActiveCfg = Release|Any CPU
		{F356172A-77A6-4BB7-9EF7-0EFBEA011759}.Production|x86.ActiveCfg = Release|Any CPU
		{F356172A-77A6-4BB7-9EF7-0EFBEA011759}.Release|Any CPU.ActiveCfg = Release|Any CPU
		{F356172A-77A6-4BB7-9EF7-0EFBEA011759}.Release|Any CPU.Build.0 = Release|Any CPU
		{F356172A-77A6-4BB7-9EF7-0EFBEA011759}.Release|Mixed Platforms.ActiveCfg = Release|Any CPU
		{F356172A-77A6-4BB7-9EF7-0EFBEA011759}.Release|Mixed Platforms.Build.0 = Release|Any CPU
		{F356172A-77A6-4BB7-9EF7-0EFBEA011759}.Release|PHP 5.2.ActiveCfg = Release|Any CPU
		{F356172A-77A6-4BB7-9EF7-0EFBEA011759}.Release|x86.ActiveCfg = Release|Any CPU
		{F356172A-77A6-4BB7-9EF7-0EFBEA011759}.Staging|Any CPU.ActiveCfg = Release|Any CPU
		{F356172A-77A6-4BB7-9EF7-0EFBEA011759}.Staging|Any CPU.Build.0 = Release|Any CPU
		{F356172A-77A6-4BB7-9EF7-0EFBEA011759}.Staging|Mixed Platforms.ActiveCfg = Release|Any CPU
		{F356172A-77A6-4BB7-9EF7-0EFBEA011759}.Staging|Mixed Platforms.Build.0 = Release|Any CPU
		{F356172A-77A6-4BB7-9EF7-0EFBEA011759}.Staging|PHP 5.2.ActiveCfg = Release|Any CPU
		{F356172A-77A6-4BB7-9EF7-0EFBEA011759}.Staging|x86.ActiveCfg = Release|Any CPU
		{639EF079-5944-480A-BF5B-691B3F133507}.Debug|Any CPU.ActiveCfg = Debug|Any CPU
		{639EF079-5944-480A-BF5B-691B3F133507}.Debug|Any CPU.Build.0 = Debug|Any CPU
		{639EF079-5944-480A-BF5B-691B3F133507}.Debug|Mixed Platforms.ActiveCfg = Debug|Any CPU
		{639EF079-5944-480A-BF5B-691B3F133507}.Debug|Mixed Platforms.Build.0 = Debug|Any CPU
		{639EF079-5944-480A-BF5B-691B3F133507}.Debug|PHP 5.2.ActiveCfg = Debug|Any CPU
		{639EF079-5944-480A-BF5B-691B3F133507}.Debug|x86.ActiveCfg = Debug|Any CPU
		{639EF079-5944-480A-BF5B-691B3F133507}.Debug|x86.Build.0 = Debug|Any CPU
		{639EF079-5944-480A-BF5B-691B3F133507}.Local|Any CPU.ActiveCfg = Release|Any CPU
		{639EF079-5944-480A-BF5B-691B3F133507}.Local|Any CPU.Build.0 = Release|Any CPU
		{639EF079-5944-480A-BF5B-691B3F133507}.Local|Mixed Platforms.ActiveCfg = Release|Any CPU
		{639EF079-5944-480A-BF5B-691B3F133507}.Local|Mixed Platforms.Build.0 = Release|Any CPU
		{639EF079-5944-480A-BF5B-691B3F133507}.Local|PHP 5.2.ActiveCfg = Release|Any CPU
		{639EF079-5944-480A-BF5B-691B3F133507}.Local|x86.ActiveCfg = Release|Any CPU
		{639EF079-5944-480A-BF5B-691B3F133507}.Production|Any CPU.ActiveCfg = Release|Any CPU
		{639EF079-5944-480A-BF5B-691B3F133507}.Production|Any CPU.Build.0 = Release|Any CPU
		{639EF079-5944-480A-BF5B-691B3F133507}.Production|Mixed Platforms.ActiveCfg = Release|Any CPU
		{639EF079-5944-480A-BF5B-691B3F133507}.Production|Mixed Platforms.Build.0 = Release|Any CPU
		{639EF079-5944-480A-BF5B-691B3F133507}.Production|PHP 5.2.ActiveCfg = Release|Any CPU
		{639EF079-5944-480A-BF5B-691B3F133507}.Production|x86.ActiveCfg = Release|Any CPU
		{639EF079-5944-480A-BF5B-691B3F133507}.Release|Any CPU.ActiveCfg = Release|Any CPU
		{639EF079-5944-480A-BF5B-691B3F133507}.Release|Any CPU.Build.0 = Release|Any CPU
		{639EF079-5944-480A-BF5B-691B3F133507}.Release|Mixed Platforms.ActiveCfg = Release|Any CPU
		{639EF079-5944-480A-BF5B-691B3F133507}.Release|Mixed Platforms.Build.0 = Release|Any CPU
		{639EF079-5944-480A-BF5B-691B3F133507}.Release|PHP 5.2.ActiveCfg = Release|Any CPU
		{639EF079-5944-480A-BF5B-691B3F133507}.Release|x86.ActiveCfg = Release|Any CPU
		{639EF079-5944-480A-BF5B-691B3F133507}.Staging|Any CPU.ActiveCfg = Release|Any CPU
		{639EF079-5944-480A-BF5B-691B3F133507}.Staging|Any CPU.Build.0 = Release|Any CPU
		{639EF079-5944-480A-BF5B-691B3F133507}.Staging|Mixed Platforms.ActiveCfg = Release|Any CPU
		{639EF079-5944-480A-BF5B-691B3F133507}.Staging|Mixed Platforms.Build.0 = Release|Any CPU
		{639EF079-5944-480A-BF5B-691B3F133507}.Staging|PHP 5.2.ActiveCfg = Release|Any CPU
		{639EF079-5944-480A-BF5B-691B3F133507}.Staging|x86.ActiveCfg = Release|Any CPU
		{44F66C2E-D452-4D91-80E2-43474B757EFC}.Debug|Any CPU.ActiveCfg = Debug|Any CPU
		{44F66C2E-D452-4D91-80E2-43474B757EFC}.Debug|Any CPU.Build.0 = Debug|Any CPU
		{44F66C2E-D452-4D91-80E2-43474B757EFC}.Debug|Mixed Platforms.ActiveCfg = Debug|Any CPU
		{44F66C2E-D452-4D91-80E2-43474B757EFC}.Debug|Mixed Platforms.Build.0 = Debug|Any CPU
		{44F66C2E-D452-4D91-80E2-43474B757EFC}.Debug|PHP 5.2.ActiveCfg = Debug|Any CPU
		{44F66C2E-D452-4D91-80E2-43474B757EFC}.Debug|x86.ActiveCfg = Debug|Any CPU
		{44F66C2E-D452-4D91-80E2-43474B757EFC}.Local|Any CPU.ActiveCfg = Debug|Any CPU
		{44F66C2E-D452-4D91-80E2-43474B757EFC}.Local|Any CPU.Build.0 = Debug|Any CPU
		{44F66C2E-D452-4D91-80E2-43474B757EFC}.Local|Mixed Platforms.ActiveCfg = Debug|Any CPU
		{44F66C2E-D452-4D91-80E2-43474B757EFC}.Local|Mixed Platforms.Build.0 = Debug|Any CPU
		{44F66C2E-D452-4D91-80E2-43474B757EFC}.Local|PHP 5.2.ActiveCfg = Debug|Any CPU
		{44F66C2E-D452-4D91-80E2-43474B757EFC}.Local|x86.ActiveCfg = Debug|Any CPU
		{44F66C2E-D452-4D91-80E2-43474B757EFC}.Production|Any CPU.ActiveCfg = Debug|Any CPU
		{44F66C2E-D452-4D91-80E2-43474B757EFC}.Production|Any CPU.Build.0 = Debug|Any CPU
		{44F66C2E-D452-4D91-80E2-43474B757EFC}.Production|Mixed Platforms.ActiveCfg = Debug|Any CPU
		{44F66C2E-D452-4D91-80E2-43474B757EFC}.Production|Mixed Platforms.Build.0 = Debug|Any CPU
		{44F66C2E-D452-4D91-80E2-43474B757EFC}.Production|PHP 5.2.ActiveCfg = Debug|Any CPU
		{44F66C2E-D452-4D91-80E2-43474B757EFC}.Production|x86.ActiveCfg = Debug|Any CPU
		{44F66C2E-D452-4D91-80E2-43474B757EFC}.Release|Any CPU.ActiveCfg = Debug|Any CPU
		{44F66C2E-D452-4D91-80E2-43474B757EFC}.Release|Any CPU.Build.0 = Debug|Any CPU
		{44F66C2E-D452-4D91-80E2-43474B757EFC}.Release|Mixed Platforms.ActiveCfg = Debug|Any CPU
		{44F66C2E-D452-4D91-80E2-43474B757EFC}.Release|Mixed Platforms.Build.0 = Debug|Any CPU
		{44F66C2E-D452-4D91-80E2-43474B757EFC}.Release|PHP 5.2.ActiveCfg = Debug|Any CPU
		{44F66C2E-D452-4D91-80E2-43474B757EFC}.Release|x86.ActiveCfg = Debug|Any CPU
		{44F66C2E-D452-4D91-80E2-43474B757EFC}.Staging|Any CPU.ActiveCfg = Debug|Any CPU
		{44F66C2E-D452-4D91-80E2-43474B757EFC}.Staging|Any CPU.Build.0 = Debug|Any CPU
		{44F66C2E-D452-4D91-80E2-43474B757EFC}.Staging|Mixed Platforms.ActiveCfg = Debug|Any CPU
		{44F66C2E-D452-4D91-80E2-43474B757EFC}.Staging|Mixed Platforms.Build.0 = Debug|Any CPU
		{44F66C2E-D452-4D91-80E2-43474B757EFC}.Staging|PHP 5.2.ActiveCfg = Debug|Any CPU
		{44F66C2E-D452-4D91-80E2-43474B757EFC}.Staging|x86.ActiveCfg = Debug|Any CPU
	EndGlobalSection
	GlobalSection(SolutionProperties) = preSolution
		HideSolutionNode = FALSE
	EndGlobalSection
	GlobalSection(NestedProjects) = preSolution
		{CBB998CB-27A4-4478-83C0-1DF8D5270529} = {D0EF7B40-E356-470F-886A-5AB58C98950A}
		{B217A0DA-332A-4394-BB83-06A995DBD1AC} = {D0EF7B40-E356-470F-886A-5AB58C98950A}
		{B898C2F7-F3ED-4D25-934C-04131CA15808} = {D0EF7B40-E356-470F-886A-5AB58C98950A}
		{3A9EEC93-0E0B-4740-853F-ACD9397E3E46} = {D0EF7B40-E356-470F-886A-5AB58C98950A}
		{92451B64-CB7D-4240-9982-3D7AD9823872} = {D0EF7B40-E356-470F-886A-5AB58C98950A}
		{6F0F7203-A12B-4526-8123-B7F3050BDE40} = {D0EF7B40-E356-470F-886A-5AB58C98950A}
		{C7A918BA-41E4-43A2-94F1-AECF9F9334DB} = {D0EF7B40-E356-470F-886A-5AB58C98950A}
		{8A6394CA-84ED-42E8-B8D2-479638B0CF99} = {D0EF7B40-E356-470F-886A-5AB58C98950A}
		{ADFE0244-B352-4B21-AB0F-040805535C71} = {D0EF7B40-E356-470F-886A-5AB58C98950A}
		{F356172A-77A6-4BB7-9EF7-0EFBEA011759} = {D0EF7B40-E356-470F-886A-5AB58C98950A}
		{E0D56794-EB9C-4685-82F3-50CB5CB2E379} = {C4897F31-5833-49AA-B9DC-703FC5D8C0E1}
		{27C6E2F3-6016-4E1D-81A0-01171A14870C} = {C4897F31-5833-49AA-B9DC-703FC5D8C0E1}
		{639EF079-5944-480A-BF5B-691B3F133507} = {C4897F31-5833-49AA-B9DC-703FC5D8C0E1}
	EndGlobalSection
EndGlobal
